// !$*UTF8*$!
{
	archiveVersion = 1;
	classes = {
	};
	objectVersion = 46;
	objects = {

/* Begin PBXBuildFile section */
		3544ECC41CBA2EA000CDF3C9 /* AppDelegate.swift in Sources */ = {isa = PBXBuildFile; fileRef = 3544ECC31CBA2EA000CDF3C9 /* AppDelegate.swift */; };
		3544ECC61CBA2EA000CDF3C9 /* ViewController.swift in Sources */ = {isa = PBXBuildFile; fileRef = 3544ECC51CBA2EA000CDF3C9 /* ViewController.swift */; };
		3544ECC91CBA2EA000CDF3C9 /* Main.storyboard in Resources */ = {isa = PBXBuildFile; fileRef = 3544ECC71CBA2EA000CDF3C9 /* Main.storyboard */; };
		3544ECCC1CBA2EA000CDF3C9 /* RestofireDemo.xcdatamodeld in Sources */ = {isa = PBXBuildFile; fileRef = 3544ECCA1CBA2EA000CDF3C9 /* RestofireDemo.xcdatamodeld */; };
		3544ECCE1CBA2EA000CDF3C9 /* Assets.xcassets in Resources */ = {isa = PBXBuildFile; fileRef = 3544ECCD1CBA2EA000CDF3C9 /* Assets.xcassets */; };
		3544ECD11CBA2EA000CDF3C9 /* LaunchScreen.storyboard in Resources */ = {isa = PBXBuildFile; fileRef = 3544ECCF1CBA2EA000CDF3C9 /* LaunchScreen.storyboard */; };
		3544ECDC1CBA2EA000CDF3C9 /* RestofireDemoUITests.swift in Sources */ = {isa = PBXBuildFile; fileRef = 3544ECDB1CBA2EA000CDF3C9 /* RestofireDemoUITests.swift */; };
/* End PBXBuildFile section */

/* Begin PBXContainerItemProxy section */
		3544ECD81CBA2EA000CDF3C9 /* PBXContainerItemProxy */ = {
			isa = PBXContainerItemProxy;
			containerPortal = 3544ECB81CBA2EA000CDF3C9 /* Project object */;
			proxyType = 1;
			remoteGlobalIDString = 3544ECBF1CBA2EA000CDF3C9;
			remoteInfo = RestofireDemo;
		};
/* End PBXContainerItemProxy section */

/* Begin PBXFileReference section */
		3544ECC01CBA2EA000CDF3C9 /* RestofireDemo.app */ = {isa = PBXFileReference; explicitFileType = wrapper.application; includeInIndex = 0; path = RestofireDemo.app; sourceTree = BUILT_PRODUCTS_DIR; };
		3544ECC31CBA2EA000CDF3C9 /* AppDelegate.swift */ = {isa = PBXFileReference; lastKnownFileType = sourcecode.swift; path = AppDelegate.swift; sourceTree = "<group>"; };
		3544ECC51CBA2EA000CDF3C9 /* ViewController.swift */ = {isa = PBXFileReference; lastKnownFileType = sourcecode.swift; path = ViewController.swift; sourceTree = "<group>"; };
		3544ECC81CBA2EA000CDF3C9 /* Base */ = {isa = PBXFileReference; lastKnownFileType = file.storyboard; name = Base; path = Base.lproj/Main.storyboard; sourceTree = "<group>"; };
		3544ECCB1CBA2EA000CDF3C9 /* RestofireDemo.xcdatamodel */ = {isa = PBXFileReference; lastKnownFileType = wrapper.xcdatamodel; path = RestofireDemo.xcdatamodel; sourceTree = "<group>"; };
		3544ECCD1CBA2EA000CDF3C9 /* Assets.xcassets */ = {isa = PBXFileReference; lastKnownFileType = folder.assetcatalog; path = Assets.xcassets; sourceTree = "<group>"; };
		3544ECD01CBA2EA000CDF3C9 /* Base */ = {isa = PBXFileReference; lastKnownFileType = file.storyboard; name = Base; path = Base.lproj/LaunchScreen.storyboard; sourceTree = "<group>"; };
		3544ECD21CBA2EA000CDF3C9 /* Info.plist */ = {isa = PBXFileReference; lastKnownFileType = text.plist.xml; path = Info.plist; sourceTree = "<group>"; };
		3544ECD71CBA2EA000CDF3C9 /* RestofireDemoUITests.xctest */ = {isa = PBXFileReference; explicitFileType = wrapper.cfbundle; includeInIndex = 0; path = RestofireDemoUITests.xctest; sourceTree = BUILT_PRODUCTS_DIR; };
		3544ECDB1CBA2EA000CDF3C9 /* RestofireDemoUITests.swift */ = {isa = PBXFileReference; lastKnownFileType = sourcecode.swift; path = RestofireDemoUITests.swift; sourceTree = "<group>"; };
		3544ECDD1CBA2EA000CDF3C9 /* Info.plist */ = {isa = PBXFileReference; lastKnownFileType = text.plist.xml; path = Info.plist; sourceTree = "<group>"; };
/* End PBXFileReference section */

/* Begin PBXFrameworksBuildPhase section */
		3544ECBD1CBA2EA000CDF3C9 /* Frameworks */ = {
			isa = PBXFrameworksBuildPhase;
			buildActionMask = 2147483647;
			files = (
			);
			runOnlyForDeploymentPostprocessing = 0;
		};
		3544ECD41CBA2EA000CDF3C9 /* Frameworks */ = {
			isa = PBXFrameworksBuildPhase;
			buildActionMask = 2147483647;
			files = (
			);
			runOnlyForDeploymentPostprocessing = 0;
		};
/* End PBXFrameworksBuildPhase section */

/* Begin PBXGroup section */
		3544ECB71CBA2EA000CDF3C9 = {
			isa = PBXGroup;
			children = (
				3544ECC21CBA2EA000CDF3C9 /* RestofireDemo */,
				3544ECDA1CBA2EA000CDF3C9 /* RestofireDemoUITests */,
				3544ECC11CBA2EA000CDF3C9 /* Products */,
			);
			sourceTree = "<group>";
		};
		3544ECC11CBA2EA000CDF3C9 /* Products */ = {
			isa = PBXGroup;
			children = (
				3544ECC01CBA2EA000CDF3C9 /* RestofireDemo.app */,
				3544ECD71CBA2EA000CDF3C9 /* RestofireDemoUITests.xctest */,
			);
			name = Products;
			sourceTree = "<group>";
		};
		3544ECC21CBA2EA000CDF3C9 /* RestofireDemo */ = {
			isa = PBXGroup;
			children = (
				3544ECC31CBA2EA000CDF3C9 /* AppDelegate.swift */,
				3544ECC51CBA2EA000CDF3C9 /* ViewController.swift */,
				3544ECC71CBA2EA000CDF3C9 /* Main.storyboard */,
				3544ECCD1CBA2EA000CDF3C9 /* Assets.xcassets */,
				3544ECCF1CBA2EA000CDF3C9 /* LaunchScreen.storyboard */,
				3544ECD21CBA2EA000CDF3C9 /* Info.plist */,
				3544ECCA1CBA2EA000CDF3C9 /* RestofireDemo.xcdatamodeld */,
			);
			path = RestofireDemo;
			sourceTree = "<group>";
		};
		3544ECDA1CBA2EA000CDF3C9 /* RestofireDemoUITests */ = {
			isa = PBXGroup;
			children = (
				3544ECDB1CBA2EA000CDF3C9 /* RestofireDemoUITests.swift */,
				3544ECDD1CBA2EA000CDF3C9 /* Info.plist */,
			);
			path = RestofireDemoUITests;
			sourceTree = "<group>";
		};
/* End PBXGroup section */

/* Begin PBXNativeTarget section */
		3544ECBF1CBA2EA000CDF3C9 /* RestofireDemo */ = {
			isa = PBXNativeTarget;
			buildConfigurationList = 3544ECE01CBA2EA000CDF3C9 /* Build configuration list for PBXNativeTarget "RestofireDemo" */;
			buildPhases = (
				3544ECBC1CBA2EA000CDF3C9 /* Sources */,
				3544ECBD1CBA2EA000CDF3C9 /* Frameworks */,
				3544ECBE1CBA2EA000CDF3C9 /* Resources */,
			);
			buildRules = (
			);
			dependencies = (
			);
			name = RestofireDemo;
			productName = RestofireDemo;
			productReference = 3544ECC01CBA2EA000CDF3C9 /* RestofireDemo.app */;
			productType = "com.apple.product-type.application";
		};
		3544ECD61CBA2EA000CDF3C9 /* RestofireDemoUITests */ = {
			isa = PBXNativeTarget;
			buildConfigurationList = 3544ECE31CBA2EA000CDF3C9 /* Build configuration list for PBXNativeTarget "RestofireDemoUITests" */;
			buildPhases = (
				3544ECD31CBA2EA000CDF3C9 /* Sources */,
				3544ECD41CBA2EA000CDF3C9 /* Frameworks */,
				3544ECD51CBA2EA000CDF3C9 /* Resources */,
			);
			buildRules = (
			);
			dependencies = (
				3544ECD91CBA2EA000CDF3C9 /* PBXTargetDependency */,
			);
			name = RestofireDemoUITests;
			productName = RestofireDemoUITests;
			productReference = 3544ECD71CBA2EA000CDF3C9 /* RestofireDemoUITests.xctest */;
			productType = "com.apple.product-type.bundle.ui-testing";
		};
/* End PBXNativeTarget section */

/* Begin PBXProject section */
		3544ECB81CBA2EA000CDF3C9 /* Project object */ = {
			isa = PBXProject;
			attributes = {
				LastSwiftUpdateCheck = 0730;
				LastUpgradeCheck = 0730;
				ORGANIZATIONNAME = "Rahul Katariya";
				TargetAttributes = {
					3544ECBF1CBA2EA000CDF3C9 = {
						CreatedOnToolsVersion = 7.3;
					};
					3544ECD61CBA2EA000CDF3C9 = {
						CreatedOnToolsVersion = 7.3;
						TestTargetID = 3544ECBF1CBA2EA000CDF3C9;
					};
				};
			};
			buildConfigurationList = 3544ECBB1CBA2EA000CDF3C9 /* Build configuration list for PBXProject "RestofireDemo" */;
			compatibilityVersion = "Xcode 3.2";
			developmentRegion = English;
			hasScannedForEncodings = 0;
			knownRegions = (
				en,
				Base,
			);
			mainGroup = 3544ECB71CBA2EA000CDF3C9;
			productRefGroup = 3544ECC11CBA2EA000CDF3C9 /* Products */;
			projectDirPath = "";
			projectRoot = "";
			targets = (
				3544ECBF1CBA2EA000CDF3C9 /* RestofireDemo */,
				3544ECD61CBA2EA000CDF3C9 /* RestofireDemoUITests */,
			);
		};
/* End PBXProject section */

/* Begin PBXResourcesBuildPhase section */
		3544ECBE1CBA2EA000CDF3C9 /* Resources */ = {
			isa = PBXResourcesBuildPhase;
			buildActionMask = 2147483647;
			files = (
				3544ECD11CBA2EA000CDF3C9 /* LaunchScreen.storyboard in Resources */,
				3544ECCE1CBA2EA000CDF3C9 /* Assets.xcassets in Resources */,
				3544ECC91CBA2EA000CDF3C9 /* Main.storyboard in Resources */,
			);
			runOnlyForDeploymentPostprocessing = 0;
		};
		3544ECD51CBA2EA000CDF3C9 /* Resources */ = {
			isa = PBXResourcesBuildPhase;
			buildActionMask = 2147483647;
			files = (
			);
			runOnlyForDeploymentPostprocessing = 0;
		};
/* End PBXResourcesBuildPhase section */

/* Begin PBXSourcesBuildPhase section */
		3544ECBC1CBA2EA000CDF3C9 /* Sources */ = {
			isa = PBXSourcesBuildPhase;
			buildActionMask = 2147483647;
			files = (
				3544ECC61CBA2EA000CDF3C9 /* ViewController.swift in Sources */,
				3544ECCC1CBA2EA000CDF3C9 /* RestofireDemo.xcdatamodeld in Sources */,
				3544ECC41CBA2EA000CDF3C9 /* AppDelegate.swift in Sources */,
			);
			runOnlyForDeploymentPostprocessing = 0;
		};
		3544ECD31CBA2EA000CDF3C9 /* Sources */ = {
			isa = PBXSourcesBuildPhase;
			buildActionMask = 2147483647;
			files = (
				3544ECDC1CBA2EA000CDF3C9 /* RestofireDemoUITests.swift in Sources */,
			);
			runOnlyForDeploymentPostprocessing = 0;
		};
/* End PBXSourcesBuildPhase section */

/* Begin PBXTargetDependency section */
		3544ECD91CBA2EA000CDF3C9 /* PBXTargetDependency */ = {
			isa = PBXTargetDependency;
			target = 3544ECBF1CBA2EA000CDF3C9 /* RestofireDemo */;
			targetProxy = 3544ECD81CBA2EA000CDF3C9 /* PBXContainerItemProxy */;
		};
/* End PBXTargetDependency section */

/* Begin PBXVariantGroup section */
		3544ECC71CBA2EA000CDF3C9 /* Main.storyboard */ = {
			isa = PBXVariantGroup;
			children = (
				3544ECC81CBA2EA000CDF3C9 /* Base */,
			);
			name = Main.storyboard;
			sourceTree = "<group>";
		};
		3544ECCF1CBA2EA000CDF3C9 /* LaunchScreen.storyboard */ = {
			isa = PBXVariantGroup;
			children = (
				3544ECD01CBA2EA000CDF3C9 /* Base */,
			);
			name = LaunchScreen.storyboard;
			sourceTree = "<group>";
		};
/* End PBXVariantGroup section */

/* Begin XCBuildConfiguration section */
		3544ECDE1CBA2EA000CDF3C9 /* Debug */ = {
			isa = XCBuildConfiguration;
			buildSettings = {
				ALWAYS_SEARCH_USER_PATHS = NO;
				CLANG_ANALYZER_NONNULL = YES;
				CLANG_CXX_LANGUAGE_STANDARD = "gnu++0x";
				CLANG_CXX_LIBRARY = "libc++";
				CLANG_ENABLE_MODULES = YES;
				CLANG_ENABLE_OBJC_ARC = YES;
				CLANG_WARN_BOOL_CONVERSION = YES;
				CLANG_WARN_CONSTANT_CONVERSION = YES;
				CLANG_WARN_DIRECT_OBJC_ISA_USAGE = YES_ERROR;
				CLANG_WARN_EMPTY_BODY = YES;
				CLANG_WARN_ENUM_CONVERSION = YES;
				CLANG_WARN_INT_CONVERSION = YES;
				CLANG_WARN_OBJC_ROOT_CLASS = YES_ERROR;
				CLANG_WARN_UNREACHABLE_CODE = YES;
				CLANG_WARN__DUPLICATE_METHOD_MATCH = YES;
				"CODE_SIGN_IDENTITY[sdk=iphoneos*]" = "iPhone Developer";
				COPY_PHASE_STRIP = NO;
				DEBUG_INFORMATION_FORMAT = dwarf;
				ENABLE_STRICT_OBJC_MSGSEND = YES;
				ENABLE_TESTABILITY = YES;
				GCC_C_LANGUAGE_STANDARD = gnu99;
				GCC_DYNAMIC_NO_PIC = NO;
				GCC_NO_COMMON_BLOCKS = YES;
				GCC_OPTIMIZATION_LEVEL = 0;
				GCC_PREPROCESSOR_DEFINITIONS = (
					"DEBUG=1",
					"$(inherited)",
				);
				GCC_WARN_64_TO_32_BIT_CONVERSION = YES;
				GCC_WARN_ABOUT_RETURN_TYPE = YES_ERROR;
				GCC_WARN_UNDECLARED_SELECTOR = YES;
				GCC_WARN_UNINITIALIZED_AUTOS = YES_AGGRESSIVE;
				GCC_WARN_UNUSED_FUNCTION = YES;
				GCC_WARN_UNUSED_VARIABLE = YES;
				IPHONEOS_DEPLOYMENT_TARGET = 9.3;
				MTL_ENABLE_DEBUG_INFO = YES;
				ONLY_ACTIVE_ARCH = YES;
				SDKROOT = iphoneos;
				SWIFT_OPTIMIZATION_LEVEL = "-Onone";
			};
			name = Debug;
		};
		3544ECDF1CBA2EA000CDF3C9 /* Release */ = {
			isa = XCBuildConfiguration;
			buildSettings = {
				ALWAYS_SEARCH_USER_PATHS = NO;
				CLANG_ANALYZER_NONNULL = YES;
				CLANG_CXX_LANGUAGE_STANDARD = "gnu++0x";
				CLANG_CXX_LIBRARY = "libc++";
				CLANG_ENABLE_MODULES = YES;
				CLANG_ENABLE_OBJC_ARC = YES;
				CLANG_WARN_BOOL_CONVERSION = YES;
				CLANG_WARN_CONSTANT_CONVERSION = YES;
				CLANG_WARN_DIRECT_OBJC_ISA_USAGE = YES_ERROR;
				CLANG_WARN_EMPTY_BODY = YES;
				CLANG_WARN_ENUM_CONVERSION = YES;
				CLANG_WARN_INT_CONVERSION = YES;
				CLANG_WARN_OBJC_ROOT_CLASS = YES_ERROR;
				CLANG_WARN_UNREACHABLE_CODE = YES;
				CLANG_WARN__DUPLICATE_METHOD_MATCH = YES;
				"CODE_SIGN_IDENTITY[sdk=iphoneos*]" = "iPhone Developer";
				COPY_PHASE_STRIP = NO;
				DEBUG_INFORMATION_FORMAT = "dwarf-with-dsym";
				ENABLE_NS_ASSERTIONS = NO;
				ENABLE_STRICT_OBJC_MSGSEND = YES;
				GCC_C_LANGUAGE_STANDARD = gnu99;
				GCC_NO_COMMON_BLOCKS = YES;
				GCC_WARN_64_TO_32_BIT_CONVERSION = YES;
				GCC_WARN_ABOUT_RETURN_TYPE = YES_ERROR;
				GCC_WARN_UNDECLARED_SELECTOR = YES;
				GCC_WARN_UNINITIALIZED_AUTOS = YES_AGGRESSIVE;
				GCC_WARN_UNUSED_FUNCTION = YES;
				GCC_WARN_UNUSED_VARIABLE = YES;
				IPHONEOS_DEPLOYMENT_TARGET = 9.3;
				MTL_ENABLE_DEBUG_INFO = NO;
				SDKROOT = iphoneos;
				VALIDATE_PRODUCT = YES;
			};
			name = Release;
		};
		3544ECE11CBA2EA000CDF3C9 /* Debug */ = {
			isa = XCBuildConfiguration;
			buildSettings = {
				ASSETCATALOG_COMPILER_APPICON_NAME = AppIcon;
				INFOPLIST_FILE = RestofireDemo/Info.plist;
				LD_RUNPATH_SEARCH_PATHS = "$(inherited) @executable_path/Frameworks";
				PRODUCT_BUNDLE_IDENTIFIER = com.rahulkatariya.RestofireDemo;
				PRODUCT_NAME = "$(TARGET_NAME)";
			};
			name = Debug;
		};
		3544ECE21CBA2EA000CDF3C9 /* Release */ = {
			isa = XCBuildConfiguration;
			buildSettings = {
				ASSETCATALOG_COMPILER_APPICON_NAME = AppIcon;
				INFOPLIST_FILE = RestofireDemo/Info.plist;
				LD_RUNPATH_SEARCH_PATHS = "$(inherited) @executable_path/Frameworks";
				PRODUCT_BUNDLE_IDENTIFIER = com.rahulkatariya.RestofireDemo;
				PRODUCT_NAME = "$(TARGET_NAME)";
			};
			name = Release;
		};
		3544ECE41CBA2EA000CDF3C9 /* Debug */ = {
			isa = XCBuildConfiguration;
			buildSettings = {
				INFOPLIST_FILE = RestofireDemoUITests/Info.plist;
				LD_RUNPATH_SEARCH_PATHS = "$(inherited) @executable_path/Frameworks @loader_path/Frameworks";
				PRODUCT_BUNDLE_IDENTIFIER = com.rahulkatariya.RestofireDemoUITests;
				PRODUCT_NAME = "$(TARGET_NAME)";
				TEST_TARGET_NAME = RestofireDemo;
			};
			name = Debug;
		};
		3544ECE51CBA2EA000CDF3C9 /* Release */ = {
			isa = XCBuildConfiguration;
			buildSettings = {
				INFOPLIST_FILE = RestofireDemoUITests/Info.plist;
				LD_RUNPATH_SEARCH_PATHS = "$(inherited) @executable_path/Frameworks @loader_path/Frameworks";
				PRODUCT_BUNDLE_IDENTIFIER = com.rahulkatariya.RestofireDemoUITests;
				PRODUCT_NAME = "$(TARGET_NAME)";
				TEST_TARGET_NAME = RestofireDemo;
			};
			name = Release;
		};
/* End XCBuildConfiguration section */

/* Begin XCConfigurationList section */
		3544ECBB1CBA2EA000CDF3C9 /* Build configuration list for PBXProject "RestofireDemo" */ = {
			isa = XCConfigurationList;
			buildConfigurations = (
				3544ECDE1CBA2EA000CDF3C9 /* Debug */,
				3544ECDF1CBA2EA000CDF3C9 /* Release */,
			);
			defaultConfigurationIsVisible = 0;
			defaultConfigurationName = Release;
		};
		3544ECE01CBA2EA000CDF3C9 /* Build configuration list for PBXNativeTarget "RestofireDemo" */ = {
			isa = XCConfigurationList;
			buildConfigurations = (
				3544ECE11CBA2EA000CDF3C9 /* Debug */,
				3544ECE21CBA2EA000CDF3C9 /* Release */,
			);
			defaultConfigurationIsVisible = 0;
		};
		3544ECE31CBA2EA000CDF3C9 /* Build configuration list for PBXNativeTarget "RestofireDemoUITests" */ = {
			isa = XCConfigurationList;
			buildConfigurations = (
				3544ECE41CBA2EA000CDF3C9 /* Debug */,
				3544ECE51CBA2EA000CDF3C9 /* Release */,
			);
			defaultConfigurationIsVisible = 0;
		};
/* End XCConfigurationList section */

/* Begin XCVersionGroup section */
		3544ECCA1CBA2EA000CDF3C9 /* RestofireDemo.xcdatamodeld */ = {
			isa = XCVersionGroup;
			children = (
				3544ECCB1CBA2EA000CDF3C9 /* RestofireDemo.xcdatamodel */,
			);
			currentVersion = 3544ECCB1CBA2EA000CDF3C9 /* RestofireDemo.xcdatamodel */;
			path = RestofireDemo.xcdatamodeld;
			sourceTree = "<group>";
			versionGroupType = wrapper.xcdatamodel;
		};
/* End XCVersionGroup section */
	};
	rootObject = 3544ECB81CBA2EA000CDF3C9 /* Project object */;
}
