// !$*UTF8*$!
{
	archiveVersion = 1;
	classes = {
	};
	objectVersion = 46;
	objects = {

/* Begin PBXBuildFile section */
		350062741C7C40510078B589 /* Restofire.h in Headers */ = {isa = PBXBuildFile; fileRef = 3500626F1C7C40510078B589 /* Restofire.h */; settings = {ATTRIBUTES = (Public, ); }; };
		350062761C7C40610078B589 /* Restofire.h in Headers */ = {isa = PBXBuildFile; fileRef = 3500626F1C7C40510078B589 /* Restofire.h */; settings = {ATTRIBUTES = (Public, ); }; };
		350062771C7C40620078B589 /* Restofire.h in Headers */ = {isa = PBXBuildFile; fileRef = 3500626F1C7C40510078B589 /* Restofire.h */; settings = {ATTRIBUTES = (Public, ); }; };
		350062781C7C40620078B589 /* Restofire.h in Headers */ = {isa = PBXBuildFile; fileRef = 3500626F1C7C40510078B589 /* Restofire.h */; settings = {ATTRIBUTES = (Public, ); }; };
		350A60631D70309600D96150 /* HTTPBinService+GET.swift in Sources */ = {isa = PBXBuildFile; fileRef = 35856C661CC2838100ACBDB9 /* HTTPBinService+GET.swift */; };
		351AC43C1D75903A007C993C /* Alamofire.framework in Frameworks */ = {isa = PBXBuildFile; fileRef = 357C0DB31D75745F0096239A /* Alamofire.framework */; };
		351AC43D1D759045007C993C /* Alamofire.framework in Frameworks */ = {isa = PBXBuildFile; fileRef = 357C0DBB1D75745F0096239A /* Alamofire.framework */; };
		351AC43E1D75904F007C993C /* Alamofire.framework in Frameworks */ = {isa = PBXBuildFile; fileRef = 357C0DB71D75745F0096239A /* Alamofire.framework */; };
		351AC43F1D75905B007C993C /* Alamofire.framework in Frameworks */ = {isa = PBXBuildFile; fileRef = 357C0DBF1D75745F0096239A /* Alamofire.framework */; };
		352108C21CC29E99006D752E /* DataRequestOperation.swift in Sources */ = {isa = PBXBuildFile; fileRef = 352108C11CC29E99006D752E /* DataRequestOperation.swift */; };
		352108C31CC29E99006D752E /* DataRequestOperation.swift in Sources */ = {isa = PBXBuildFile; fileRef = 352108C11CC29E99006D752E /* DataRequestOperation.swift */; };
		352108C41CC29E99006D752E /* DataRequestOperation.swift in Sources */ = {isa = PBXBuildFile; fileRef = 352108C11CC29E99006D752E /* DataRequestOperation.swift */; };
		352108C51CC29E99006D752E /* DataRequestOperation.swift in Sources */ = {isa = PBXBuildFile; fileRef = 352108C11CC29E99006D752E /* DataRequestOperation.swift */; };
		352260AA1C5E2D16000AE7C0 /* Nimble.framework in Embed Frameworks */ = {isa = PBXBuildFile; fileRef = 352260A11C5E2BCA000AE7C0 /* Nimble.framework */; settings = {ATTRIBUTES = (CodeSignOnCopy, RemoveHeadersOnCopy, ); }; };
		3544ED8C1CBA572C00CDF3C9 /* BoolService+GET.swift in Sources */ = {isa = PBXBuildFile; fileRef = 3544ED171CBA40F700CDF3C9 /* BoolService+GET.swift */; };
		3544ED8D1CBA572C00CDF3C9 /* FloatService+GET.swift in Sources */ = {isa = PBXBuildFile; fileRef = 3544ED181CBA40F700CDF3C9 /* FloatService+GET.swift */; };
		3544ED8F1CBA572C00CDF3C9 /* IntService+GET.swift in Sources */ = {isa = PBXBuildFile; fileRef = 3544ED1A1CBA40F700CDF3C9 /* IntService+GET.swift */; };
		3544ED901CBA572C00CDF3C9 /* PersonArrayService+GET.swift in Sources */ = {isa = PBXBuildFile; fileRef = 3544ED1B1CBA40F700CDF3C9 /* PersonArrayService+GET.swift */; };
		3544ED911CBA572C00CDF3C9 /* PersonService+GET.swift in Sources */ = {isa = PBXBuildFile; fileRef = 3544ED1C1CBA40F700CDF3C9 /* PersonService+GET.swift */; };
		3544ED931CBA572C00CDF3C9 /* StringArrayService+GET.swift in Sources */ = {isa = PBXBuildFile; fileRef = 3544ED1E1CBA40F700CDF3C9 /* StringArrayService+GET.swift */; };
		3544ED941CBA572C00CDF3C9 /* StringService+GET.swift in Sources */ = {isa = PBXBuildFile; fileRef = 3544ED1F1CBA40F700CDF3C9 /* StringService+GET.swift */; };
		3544ED951CBA572C00CDF3C9 /* VoidService+GET.swift in Sources */ = {isa = PBXBuildFile; fileRef = 3544ED201CBA40F700CDF3C9 /* VoidService+GET.swift */; };
		3544ED961CBA573400CDF3C9 /* BoolService+GETSpec.swift in Sources */ = {isa = PBXBuildFile; fileRef = 3544ED221CBA40F700CDF3C9 /* BoolService+GETSpec.swift */; };
		3544ED971CBA573400CDF3C9 /* FloatService+GETSpec.swift in Sources */ = {isa = PBXBuildFile; fileRef = 3544ED231CBA40F700CDF3C9 /* FloatService+GETSpec.swift */; };
		3544ED981CBA573400CDF3C9 /* HTTPBinStringService+GETSpec.swift in Sources */ = {isa = PBXBuildFile; fileRef = 3544ED241CBA40F700CDF3C9 /* HTTPBinStringService+GETSpec.swift */; };
		3544ED991CBA573400CDF3C9 /* IntService+GETSpec.swift in Sources */ = {isa = PBXBuildFile; fileRef = 3544ED251CBA40F700CDF3C9 /* IntService+GETSpec.swift */; };
		3544ED9D1CBA573400CDF3C9 /* ServiceSpec.swift in Sources */ = {isa = PBXBuildFile; fileRef = 3544ED291CBA40F700CDF3C9 /* ServiceSpec.swift */; };
		3544ED9E1CBA573400CDF3C9 /* StringArrayService+GETSpec.swift in Sources */ = {isa = PBXBuildFile; fileRef = 3544ED2A1CBA40F700CDF3C9 /* StringArrayService+GETSpec.swift */; };
		3544ED9F1CBA573400CDF3C9 /* StringService+GETSpec.swift in Sources */ = {isa = PBXBuildFile; fileRef = 3544ED2B1CBA40F700CDF3C9 /* StringService+GETSpec.swift */; };
		35547F261CC0A32D0070F5D3 /* Configurable.swift in Sources */ = {isa = PBXBuildFile; fileRef = 35607D441CC09C98004902A5 /* Configurable.swift */; };
		35547F271CC0A32E0070F5D3 /* Configurable.swift in Sources */ = {isa = PBXBuildFile; fileRef = 35607D441CC09C98004902A5 /* Configurable.swift */; };
		35547F281CC0A32E0070F5D3 /* Configurable.swift in Sources */ = {isa = PBXBuildFile; fileRef = 35607D441CC09C98004902A5 /* Configurable.swift */; };
		35547F291CC0A32F0070F5D3 /* Configurable.swift in Sources */ = {isa = PBXBuildFile; fileRef = 35607D441CC09C98004902A5 /* Configurable.swift */; };
		3579C9EC1C732E4C00ED7BF2 /* Nimble.framework in Frameworks */ = {isa = PBXBuildFile; fileRef = 352260A11C5E2BCA000AE7C0 /* Nimble.framework */; };
		3579C9ED1C732E4C00ED7BF2 /* Quick.framework in Frameworks */ = {isa = PBXBuildFile; fileRef = 3522609F1C5E2BBD000AE7C0 /* Quick.framework */; };
		3583C3D81CC4D5290097D10B /* HTTPBinBasicAuthenticationService+GETSpec.swift in Sources */ = {isa = PBXBuildFile; fileRef = 35856C781CC2891B00ACBDB9 /* HTTPBinBasicAuthenticationService+GETSpec.swift */; };
		35856C6F1CC2838800ACBDB9 /* HTTPBinConfigurable.swift in Sources */ = {isa = PBXBuildFile; fileRef = 35856C651CC2838100ACBDB9 /* HTTPBinConfigurable.swift */; };
		35856C771CC2885800ACBDB9 /* HTTPBinBasicAuthenticationService+GET.swift in Sources */ = {isa = PBXBuildFile; fileRef = 35856C711CC2884A00ACBDB9 /* HTTPBinBasicAuthenticationService+GET.swift */; };
		3593CA6C1D8C65E400075A15 /* Queueable.swift in Sources */ = {isa = PBXBuildFile; fileRef = 3593CA6B1D8C65E400075A15 /* Queueable.swift */; };
		3593CA6D1D8C65E400075A15 /* Queueable.swift in Sources */ = {isa = PBXBuildFile; fileRef = 3593CA6B1D8C65E400075A15 /* Queueable.swift */; };
		3593CA6E1D8C65E400075A15 /* Queueable.swift in Sources */ = {isa = PBXBuildFile; fileRef = 3593CA6B1D8C65E400075A15 /* Queueable.swift */; };
		3593CA6F1D8C65E400075A15 /* Queueable.swift in Sources */ = {isa = PBXBuildFile; fileRef = 3593CA6B1D8C65E400075A15 /* Queueable.swift */; };
		3593CA791D8C6B5000075A15 /* SessionManagable.swift in Sources */ = {isa = PBXBuildFile; fileRef = 3593CA781D8C6B5000075A15 /* SessionManagable.swift */; };
		3593CA7A1D8C6B5000075A15 /* SessionManagable.swift in Sources */ = {isa = PBXBuildFile; fileRef = 3593CA781D8C6B5000075A15 /* SessionManagable.swift */; };
		3593CA7B1D8C6B5000075A15 /* SessionManagable.swift in Sources */ = {isa = PBXBuildFile; fileRef = 3593CA781D8C6B5000075A15 /* SessionManagable.swift */; };
		3593CA7C1D8C6B5000075A15 /* SessionManagable.swift in Sources */ = {isa = PBXBuildFile; fileRef = 3593CA781D8C6B5000075A15 /* SessionManagable.swift */; };
		3596CBF81CA3B4D70089A03E /* Configuration.swift in Sources */ = {isa = PBXBuildFile; fileRef = 3596CBF71CA3B4D70089A03E /* Configuration.swift */; };
		3596CBF91CA3B4D70089A03E /* Configuration.swift in Sources */ = {isa = PBXBuildFile; fileRef = 3596CBF71CA3B4D70089A03E /* Configuration.swift */; };
		3596CBFA1CA3B4D70089A03E /* Configuration.swift in Sources */ = {isa = PBXBuildFile; fileRef = 3596CBF71CA3B4D70089A03E /* Configuration.swift */; };
		3596CBFB1CA3B4D70089A03E /* Configuration.swift in Sources */ = {isa = PBXBuildFile; fileRef = 3596CBF71CA3B4D70089A03E /* Configuration.swift */; };
		3596CBFD1CA3B5030089A03E /* Requestable.swift in Sources */ = {isa = PBXBuildFile; fileRef = 3596CBFC1CA3B5030089A03E /* Requestable.swift */; };
		3596CBFE1CA3B5030089A03E /* Requestable.swift in Sources */ = {isa = PBXBuildFile; fileRef = 3596CBFC1CA3B5030089A03E /* Requestable.swift */; };
		3596CBFF1CA3B5030089A03E /* Requestable.swift in Sources */ = {isa = PBXBuildFile; fileRef = 3596CBFC1CA3B5030089A03E /* Requestable.swift */; };
		3596CC001CA3B5030089A03E /* Requestable.swift in Sources */ = {isa = PBXBuildFile; fileRef = 3596CBFC1CA3B5030089A03E /* Requestable.swift */; };
		35B19DE61BEE134E001D3952 /* Restofire.framework in Frameworks */ = {isa = PBXBuildFile; fileRef = 35B19DDB1BEE134E001D3952 /* Restofire.framework */; };
		35C05C641D75D0DC003D04F2 /* Alamofire.framework in Embed Frameworks */ = {isa = PBXBuildFile; fileRef = 357C0DB31D75745F0096239A /* Alamofire.framework */; settings = {ATTRIBUTES = (CodeSignOnCopy, RemoveHeadersOnCopy, ); }; };
		35C05C6F1D76BBB2003D04F2 /* VoidService+GETSpec.swift in Sources */ = {isa = PBXBuildFile; fileRef = 3544ED2C1CBA40F700CDF3C9 /* VoidService+GETSpec.swift */; };
		35C05C701D76BFE0003D04F2 /* PersonService+GETSpec.swift in Sources */ = {isa = PBXBuildFile; fileRef = 3544ED271CBA40F700CDF3C9 /* PersonService+GETSpec.swift */; };
		35C05C731D76C672003D04F2 /* PersonArrayService+GETSpec.swift in Sources */ = {isa = PBXBuildFile; fileRef = 3544ED261CBA40F700CDF3C9 /* PersonArrayService+GETSpec.swift */; };
		35C385151CAE43ED003CE0BE /* Restofire.swift in Sources */ = {isa = PBXBuildFile; fileRef = 35C385141CAE43ED003CE0BE /* Restofire.swift */; };
		35C385161CAE43ED003CE0BE /* Restofire.swift in Sources */ = {isa = PBXBuildFile; fileRef = 35C385141CAE43ED003CE0BE /* Restofire.swift */; };
		35C385171CAE43ED003CE0BE /* Restofire.swift in Sources */ = {isa = PBXBuildFile; fileRef = 35C385141CAE43ED003CE0BE /* Restofire.swift */; };
		35C385181CAE43ED003CE0BE /* Restofire.swift in Sources */ = {isa = PBXBuildFile; fileRef = 35C385141CAE43ED003CE0BE /* Restofire.swift */; };
		35C6B78D1D8D13FB0085BD16 /* DataRequestEventuallyOperation.swift in Sources */ = {isa = PBXBuildFile; fileRef = 35A0949E1CC3EA9400C58702 /* DataRequestEventuallyOperation.swift */; };
		35C6B78E1D8D13FC0085BD16 /* DataRequestEventuallyOperation.swift in Sources */ = {isa = PBXBuildFile; fileRef = 35A0949E1CC3EA9400C58702 /* DataRequestEventuallyOperation.swift */; };
		35C6B78F1D8D13FD0085BD16 /* DataRequestEventuallyOperation.swift in Sources */ = {isa = PBXBuildFile; fileRef = 35A0949E1CC3EA9400C58702 /* DataRequestEventuallyOperation.swift */; };
		35C6B7901D8D13FD0085BD16 /* DataRequestEventuallyOperation.swift in Sources */ = {isa = PBXBuildFile; fileRef = 35A0949E1CC3EA9400C58702 /* DataRequestEventuallyOperation.swift */; };
		35D109FC1C5F33CC00FC831F /* Quick.framework in Embed Frameworks */ = {isa = PBXBuildFile; fileRef = 3522609F1C5E2BBD000AE7C0 /* Quick.framework */; settings = {ATTRIBUTES = (CodeSignOnCopy, RemoveHeadersOnCopy, ); }; };
		35E6D34E1CCBC68D007ABC05 /* ResponseSerializable.swift in Sources */ = {isa = PBXBuildFile; fileRef = 35E6D34D1CCBC68D007ABC05 /* ResponseSerializable.swift */; };
		35E6D34F1CCBC68D007ABC05 /* ResponseSerializable.swift in Sources */ = {isa = PBXBuildFile; fileRef = 35E6D34D1CCBC68D007ABC05 /* ResponseSerializable.swift */; };
		35E6D3501CCBC68D007ABC05 /* ResponseSerializable.swift in Sources */ = {isa = PBXBuildFile; fileRef = 35E6D34D1CCBC68D007ABC05 /* ResponseSerializable.swift */; };
		35E6D3511CCBC68D007ABC05 /* ResponseSerializable.swift in Sources */ = {isa = PBXBuildFile; fileRef = 35E6D34D1CCBC68D007ABC05 /* ResponseSerializable.swift */; };
		35E6D3531CCBD50E007ABC05 /* Validatable.swift in Sources */ = {isa = PBXBuildFile; fileRef = 35E6D3521CCBD50E007ABC05 /* Validatable.swift */; };
		35E6D3541CCBD50E007ABC05 /* Validatable.swift in Sources */ = {isa = PBXBuildFile; fileRef = 35E6D3521CCBD50E007ABC05 /* Validatable.swift */; };
		35E6D3551CCBD50E007ABC05 /* Validatable.swift in Sources */ = {isa = PBXBuildFile; fileRef = 35E6D3521CCBD50E007ABC05 /* Validatable.swift */; };
		35E6D3561CCBD50E007ABC05 /* Validatable.swift in Sources */ = {isa = PBXBuildFile; fileRef = 35E6D3521CCBD50E007ABC05 /* Validatable.swift */; };
		35E6D3581CCBD5EF007ABC05 /* Authenticable.swift in Sources */ = {isa = PBXBuildFile; fileRef = 35E6D3571CCBD5EF007ABC05 /* Authenticable.swift */; };
		35E6D3591CCBD5EF007ABC05 /* Authenticable.swift in Sources */ = {isa = PBXBuildFile; fileRef = 35E6D3571CCBD5EF007ABC05 /* Authenticable.swift */; };
		35E6D35A1CCBD5EF007ABC05 /* Authenticable.swift in Sources */ = {isa = PBXBuildFile; fileRef = 35E6D3571CCBD5EF007ABC05 /* Authenticable.swift */; };
		35E6D35B1CCBD5EF007ABC05 /* Authenticable.swift in Sources */ = {isa = PBXBuildFile; fileRef = 35E6D3571CCBD5EF007ABC05 /* Authenticable.swift */; };
		35E6D35D1CCBD731007ABC05 /* Validation.swift in Sources */ = {isa = PBXBuildFile; fileRef = 35E6D35C1CCBD731007ABC05 /* Validation.swift */; };
		35E6D35E1CCBD731007ABC05 /* Validation.swift in Sources */ = {isa = PBXBuildFile; fileRef = 35E6D35C1CCBD731007ABC05 /* Validation.swift */; };
		35E6D35F1CCBD731007ABC05 /* Validation.swift in Sources */ = {isa = PBXBuildFile; fileRef = 35E6D35C1CCBD731007ABC05 /* Validation.swift */; };
		35E6D3601CCBD731007ABC05 /* Validation.swift in Sources */ = {isa = PBXBuildFile; fileRef = 35E6D35C1CCBD731007ABC05 /* Validation.swift */; };
		35E6D3621CCBD75A007ABC05 /* Authentication.swift in Sources */ = {isa = PBXBuildFile; fileRef = 35E6D3611CCBD75A007ABC05 /* Authentication.swift */; };
		35E6D3631CCBD75A007ABC05 /* Authentication.swift in Sources */ = {isa = PBXBuildFile; fileRef = 35E6D3611CCBD75A007ABC05 /* Authentication.swift */; };
		35E6D3641CCBD75A007ABC05 /* Authentication.swift in Sources */ = {isa = PBXBuildFile; fileRef = 35E6D3611CCBD75A007ABC05 /* Authentication.swift */; };
		35E6D3651CCBD75A007ABC05 /* Authentication.swift in Sources */ = {isa = PBXBuildFile; fileRef = 35E6D3611CCBD75A007ABC05 /* Authentication.swift */; };
		35E6D3671CCBE061007ABC05 /* Retryable.swift in Sources */ = {isa = PBXBuildFile; fileRef = 35E6D3661CCBE061007ABC05 /* Retryable.swift */; };
		35E6D3681CCBE061007ABC05 /* Retryable.swift in Sources */ = {isa = PBXBuildFile; fileRef = 35E6D3661CCBE061007ABC05 /* Retryable.swift */; };
		35E6D3691CCBE061007ABC05 /* Retryable.swift in Sources */ = {isa = PBXBuildFile; fileRef = 35E6D3661CCBE061007ABC05 /* Retryable.swift */; };
		35E6D36A1CCBE061007ABC05 /* Retryable.swift in Sources */ = {isa = PBXBuildFile; fileRef = 35E6D3661CCBE061007ABC05 /* Retryable.swift */; };
		35E6D36C1CCBEB90007ABC05 /* Retry.swift in Sources */ = {isa = PBXBuildFile; fileRef = 35E6D36B1CCBEB90007ABC05 /* Retry.swift */; };
		35E6D36D1CCBEB90007ABC05 /* Retry.swift in Sources */ = {isa = PBXBuildFile; fileRef = 35E6D36B1CCBEB90007ABC05 /* Retry.swift */; };
		35E6D36E1CCBEB90007ABC05 /* Retry.swift in Sources */ = {isa = PBXBuildFile; fileRef = 35E6D36B1CCBEB90007ABC05 /* Retry.swift */; };
		35E6D36F1CCBEB90007ABC05 /* Retry.swift in Sources */ = {isa = PBXBuildFile; fileRef = 35E6D36B1CCBEB90007ABC05 /* Retry.swift */; };
		35F4A5F31CC61E52004840E1 /* AlamofireUtils.swift in Sources */ = {isa = PBXBuildFile; fileRef = 35F4A5F21CC61E52004840E1 /* AlamofireUtils.swift */; };
		35F4A5F41CC61E52004840E1 /* AlamofireUtils.swift in Sources */ = {isa = PBXBuildFile; fileRef = 35F4A5F21CC61E52004840E1 /* AlamofireUtils.swift */; };
		35F4A5F51CC61E52004840E1 /* AlamofireUtils.swift in Sources */ = {isa = PBXBuildFile; fileRef = 35F4A5F21CC61E52004840E1 /* AlamofireUtils.swift */; };
		35F4A5F61CC61E52004840E1 /* AlamofireUtils.swift in Sources */ = {isa = PBXBuildFile; fileRef = 35F4A5F21CC61E52004840E1 /* AlamofireUtils.swift */; };
/* End PBXBuildFile section */

/* Begin PBXContainerItemProxy section */
		357C0DB21D75745F0096239A /* PBXContainerItemProxy */ = {
			isa = PBXContainerItemProxy;
			containerPortal = 357C0DA71D75745F0096239A /* Alamofire.xcodeproj */;
			proxyType = 2;
			remoteGlobalIDString = F8111E3319A95C8B0040E7D1;
			remoteInfo = "Alamofire iOS";
		};
		357C0DB41D75745F0096239A /* PBXContainerItemProxy */ = {
			isa = PBXContainerItemProxy;
			containerPortal = 357C0DA71D75745F0096239A /* Alamofire.xcodeproj */;
			proxyType = 2;
			remoteGlobalIDString = F8111E3E19A95C8B0040E7D1;
			remoteInfo = "Alamofire iOS Tests";
		};
		357C0DB61D75745F0096239A /* PBXContainerItemProxy */ = {
			isa = PBXContainerItemProxy;
			containerPortal = 357C0DA71D75745F0096239A /* Alamofire.xcodeproj */;
			proxyType = 2;
			remoteGlobalIDString = 4DD67C0B1A5C55C900ED2280;
			remoteInfo = "Alamofire OSX";
		};
		357C0DB81D75745F0096239A /* PBXContainerItemProxy */ = {
			isa = PBXContainerItemProxy;
			containerPortal = 357C0DA71D75745F0096239A /* Alamofire.xcodeproj */;
			proxyType = 2;
			remoteGlobalIDString = F829C6B21A7A94F100A2CD59;
			remoteInfo = "Alamofire OSX Tests";
		};
		357C0DBA1D75745F0096239A /* PBXContainerItemProxy */ = {
			isa = PBXContainerItemProxy;
			containerPortal = 357C0DA71D75745F0096239A /* Alamofire.xcodeproj */;
			proxyType = 2;
			remoteGlobalIDString = 4CF626EF1BA7CB3E0011A099;
			remoteInfo = "Alamofire tvOS";
		};
		357C0DBC1D75745F0096239A /* PBXContainerItemProxy */ = {
			isa = PBXContainerItemProxy;
			containerPortal = 357C0DA71D75745F0096239A /* Alamofire.xcodeproj */;
			proxyType = 2;
			remoteGlobalIDString = 4CF626F81BA7CB3E0011A099;
			remoteInfo = "Alamofire tvOS Tests";
		};
		357C0DBE1D75745F0096239A /* PBXContainerItemProxy */ = {
			isa = PBXContainerItemProxy;
			containerPortal = 357C0DA71D75745F0096239A /* Alamofire.xcodeproj */;
			proxyType = 2;
			remoteGlobalIDString = E4202FE01B667AA100C997FB;
			remoteInfo = "Alamofire watchOS";
		};
		35B19DE71BEE134E001D3952 /* PBXContainerItemProxy */ = {
			isa = PBXContainerItemProxy;
			containerPortal = 35B19DD21BEE134E001D3952 /* Project object */;
			proxyType = 1;
			remoteGlobalIDString = 35B19DDA1BEE134E001D3952;
			remoteInfo = Restofire;
		};
/* End PBXContainerItemProxy section */

/* Begin PBXCopyFilesBuildPhase section */
		352260A91C5E2D0D000AE7C0 /* Embed Frameworks */ = {
			isa = PBXCopyFilesBuildPhase;
			buildActionMask = 2147483647;
			dstPath = "";
			dstSubfolderSpec = 10;
			files = (
				35C05C641D75D0DC003D04F2 /* Alamofire.framework in Embed Frameworks */,
				35D109FC1C5F33CC00FC831F /* Quick.framework in Embed Frameworks */,
				352260AA1C5E2D16000AE7C0 /* Nimble.framework in Embed Frameworks */,
			);
			name = "Embed Frameworks";
			runOnlyForDeploymentPostprocessing = 0;
		};
/* End PBXCopyFilesBuildPhase section */

/* Begin PBXFileReference section */
		350061F21C7C33910078B589 /* Restofire.framework */ = {isa = PBXFileReference; explicitFileType = wrapper.framework; includeInIndex = 0; path = Restofire.framework; sourceTree = BUILT_PRODUCTS_DIR; };
		3500620E1C7C33EB0078B589 /* Restofire.framework */ = {isa = PBXFileReference; explicitFileType = wrapper.framework; includeInIndex = 0; path = Restofire.framework; sourceTree = BUILT_PRODUCTS_DIR; };
		3500622A1C7C343D0078B589 /* Restofire.framework */ = {isa = PBXFileReference; explicitFileType = wrapper.framework; includeInIndex = 0; path = Restofire.framework; sourceTree = BUILT_PRODUCTS_DIR; };
		3500626E1C7C40510078B589 /* Info.plist */ = {isa = PBXFileReference; fileEncoding = 4; lastKnownFileType = text.plist.xml; path = Info.plist; sourceTree = "<group>"; };
		3500626F1C7C40510078B589 /* Restofire.h */ = {isa = PBXFileReference; fileEncoding = 4; lastKnownFileType = sourcecode.c.h; path = Restofire.h; sourceTree = "<group>"; };
		3502C2EC1CC738F9009B06EA /* Info-tvOS.plist */ = {isa = PBXFileReference; fileEncoding = 4; lastKnownFileType = text.plist.xml; path = "Info-tvOS.plist"; sourceTree = "<group>"; };
		352108C11CC29E99006D752E /* DataRequestOperation.swift */ = {isa = PBXFileReference; fileEncoding = 4; lastKnownFileType = sourcecode.swift; path = DataRequestOperation.swift; sourceTree = "<group>"; };
		3522609F1C5E2BBD000AE7C0 /* Quick.framework */ = {isa = PBXFileReference; lastKnownFileType = wrapper.framework; name = Quick.framework; path = Carthage/Build/iOS/Quick.framework; sourceTree = "<group>"; };
		352260A11C5E2BCA000AE7C0 /* Nimble.framework */ = {isa = PBXFileReference; lastKnownFileType = wrapper.framework; name = Nimble.framework; path = Carthage/Build/iOS/Nimble.framework; sourceTree = "<group>"; };
		3544ED171CBA40F700CDF3C9 /* BoolService+GET.swift */ = {isa = PBXFileReference; fileEncoding = 4; lastKnownFileType = sourcecode.swift; path = "BoolService+GET.swift"; sourceTree = "<group>"; };
		3544ED181CBA40F700CDF3C9 /* FloatService+GET.swift */ = {isa = PBXFileReference; fileEncoding = 4; lastKnownFileType = sourcecode.swift; path = "FloatService+GET.swift"; sourceTree = "<group>"; };
		3544ED1A1CBA40F700CDF3C9 /* IntService+GET.swift */ = {isa = PBXFileReference; fileEncoding = 4; lastKnownFileType = sourcecode.swift; path = "IntService+GET.swift"; sourceTree = "<group>"; };
		3544ED1B1CBA40F700CDF3C9 /* PersonArrayService+GET.swift */ = {isa = PBXFileReference; fileEncoding = 4; lastKnownFileType = sourcecode.swift; path = "PersonArrayService+GET.swift"; sourceTree = "<group>"; };
		3544ED1C1CBA40F700CDF3C9 /* PersonService+GET.swift */ = {isa = PBXFileReference; fileEncoding = 4; lastKnownFileType = sourcecode.swift; path = "PersonService+GET.swift"; sourceTree = "<group>"; };
		3544ED1E1CBA40F700CDF3C9 /* StringArrayService+GET.swift */ = {isa = PBXFileReference; fileEncoding = 4; lastKnownFileType = sourcecode.swift; path = "StringArrayService+GET.swift"; sourceTree = "<group>"; };
		3544ED1F1CBA40F700CDF3C9 /* StringService+GET.swift */ = {isa = PBXFileReference; fileEncoding = 4; lastKnownFileType = sourcecode.swift; path = "StringService+GET.swift"; sourceTree = "<group>"; };
		3544ED201CBA40F700CDF3C9 /* VoidService+GET.swift */ = {isa = PBXFileReference; fileEncoding = 4; lastKnownFileType = sourcecode.swift; path = "VoidService+GET.swift"; sourceTree = "<group>"; };
		3544ED221CBA40F700CDF3C9 /* BoolService+GETSpec.swift */ = {isa = PBXFileReference; fileEncoding = 4; lastKnownFileType = sourcecode.swift; path = "BoolService+GETSpec.swift"; sourceTree = "<group>"; };
		3544ED231CBA40F700CDF3C9 /* FloatService+GETSpec.swift */ = {isa = PBXFileReference; fileEncoding = 4; lastKnownFileType = sourcecode.swift; path = "FloatService+GETSpec.swift"; sourceTree = "<group>"; };
		3544ED241CBA40F700CDF3C9 /* HTTPBinStringService+GETSpec.swift */ = {isa = PBXFileReference; fileEncoding = 4; lastKnownFileType = sourcecode.swift; path = "HTTPBinStringService+GETSpec.swift"; sourceTree = "<group>"; };
		3544ED251CBA40F700CDF3C9 /* IntService+GETSpec.swift */ = {isa = PBXFileReference; fileEncoding = 4; lastKnownFileType = sourcecode.swift; path = "IntService+GETSpec.swift"; sourceTree = "<group>"; };
		3544ED261CBA40F700CDF3C9 /* PersonArrayService+GETSpec.swift */ = {isa = PBXFileReference; fileEncoding = 4; lastKnownFileType = sourcecode.swift; path = "PersonArrayService+GETSpec.swift"; sourceTree = "<group>"; };
		3544ED271CBA40F700CDF3C9 /* PersonService+GETSpec.swift */ = {isa = PBXFileReference; fileEncoding = 4; lastKnownFileType = sourcecode.swift; path = "PersonService+GETSpec.swift"; sourceTree = "<group>"; };
		3544ED291CBA40F700CDF3C9 /* ServiceSpec.swift */ = {isa = PBXFileReference; fileEncoding = 4; lastKnownFileType = sourcecode.swift; path = ServiceSpec.swift; sourceTree = "<group>"; };
		3544ED2A1CBA40F700CDF3C9 /* StringArrayService+GETSpec.swift */ = {isa = PBXFileReference; fileEncoding = 4; lastKnownFileType = sourcecode.swift; path = "StringArrayService+GETSpec.swift"; sourceTree = "<group>"; };
		3544ED2B1CBA40F700CDF3C9 /* StringService+GETSpec.swift */ = {isa = PBXFileReference; fileEncoding = 4; lastKnownFileType = sourcecode.swift; path = "StringService+GETSpec.swift"; sourceTree = "<group>"; };
		3544ED2C1CBA40F700CDF3C9 /* VoidService+GETSpec.swift */ = {isa = PBXFileReference; fileEncoding = 4; lastKnownFileType = sourcecode.swift; path = "VoidService+GETSpec.swift"; sourceTree = "<group>"; };
		35607D441CC09C98004902A5 /* Configurable.swift */ = {isa = PBXFileReference; fileEncoding = 4; lastKnownFileType = sourcecode.swift; path = Configurable.swift; sourceTree = "<group>"; };
		357C0DA71D75745F0096239A /* Alamofire.xcodeproj */ = {isa = PBXFileReference; lastKnownFileType = "wrapper.pb-project"; name = Alamofire.xcodeproj; path = Carthage/Checkouts/Alamofire/Alamofire.xcodeproj; sourceTree = "<group>"; };
		35856C651CC2838100ACBDB9 /* HTTPBinConfigurable.swift */ = {isa = PBXFileReference; fileEncoding = 4; lastKnownFileType = sourcecode.swift; path = HTTPBinConfigurable.swift; sourceTree = "<group>"; };
		35856C661CC2838100ACBDB9 /* HTTPBinService+GET.swift */ = {isa = PBXFileReference; fileEncoding = 4; lastKnownFileType = sourcecode.swift; path = "HTTPBinService+GET.swift"; sourceTree = "<group>"; };
		35856C711CC2884A00ACBDB9 /* HTTPBinBasicAuthenticationService+GET.swift */ = {isa = PBXFileReference; fileEncoding = 4; lastKnownFileType = sourcecode.swift; path = "HTTPBinBasicAuthenticationService+GET.swift"; sourceTree = "<group>"; };
		35856C781CC2891B00ACBDB9 /* HTTPBinBasicAuthenticationService+GETSpec.swift */ = {isa = PBXFileReference; fileEncoding = 4; lastKnownFileType = sourcecode.swift; path = "HTTPBinBasicAuthenticationService+GETSpec.swift"; sourceTree = "<group>"; };
		3593CA6B1D8C65E400075A15 /* Queueable.swift */ = {isa = PBXFileReference; fileEncoding = 4; lastKnownFileType = sourcecode.swift; path = Queueable.swift; sourceTree = "<group>"; };
		3593CA781D8C6B5000075A15 /* SessionManagable.swift */ = {isa = PBXFileReference; fileEncoding = 4; lastKnownFileType = sourcecode.swift; path = SessionManagable.swift; sourceTree = "<group>"; };
		3596CBF71CA3B4D70089A03E /* Configuration.swift */ = {isa = PBXFileReference; fileEncoding = 4; lastKnownFileType = sourcecode.swift; path = Configuration.swift; sourceTree = "<group>"; };
		3596CBFC1CA3B5030089A03E /* Requestable.swift */ = {isa = PBXFileReference; fileEncoding = 4; lastKnownFileType = sourcecode.swift; path = Requestable.swift; sourceTree = "<group>"; };
		35A0949E1CC3EA9400C58702 /* DataRequestEventuallyOperation.swift */ = {isa = PBXFileReference; fileEncoding = 4; lastKnownFileType = sourcecode.swift; path = DataRequestEventuallyOperation.swift; sourceTree = "<group>"; };
		35B19DDB1BEE134E001D3952 /* Restofire.framework */ = {isa = PBXFileReference; explicitFileType = wrapper.framework; includeInIndex = 0; path = Restofire.framework; sourceTree = BUILT_PRODUCTS_DIR; };
		35B19DE51BEE134E001D3952 /* RestofireTests.xctest */ = {isa = PBXFileReference; explicitFileType = wrapper.cfbundle; includeInIndex = 0; path = RestofireTests.xctest; sourceTree = BUILT_PRODUCTS_DIR; };
		35C385141CAE43ED003CE0BE /* Restofire.swift */ = {isa = PBXFileReference; fileEncoding = 4; lastKnownFileType = sourcecode.swift; path = Restofire.swift; sourceTree = "<group>"; };
		35E6D34D1CCBC68D007ABC05 /* ResponseSerializable.swift */ = {isa = PBXFileReference; fileEncoding = 4; lastKnownFileType = sourcecode.swift; path = ResponseSerializable.swift; sourceTree = "<group>"; };
		35E6D3521CCBD50E007ABC05 /* Validatable.swift */ = {isa = PBXFileReference; fileEncoding = 4; lastKnownFileType = sourcecode.swift; path = Validatable.swift; sourceTree = "<group>"; };
		35E6D3571CCBD5EF007ABC05 /* Authenticable.swift */ = {isa = PBXFileReference; fileEncoding = 4; lastKnownFileType = sourcecode.swift; path = Authenticable.swift; sourceTree = "<group>"; };
		35E6D35C1CCBD731007ABC05 /* Validation.swift */ = {isa = PBXFileReference; fileEncoding = 4; lastKnownFileType = sourcecode.swift; path = Validation.swift; sourceTree = "<group>"; };
		35E6D3611CCBD75A007ABC05 /* Authentication.swift */ = {isa = PBXFileReference; fileEncoding = 4; lastKnownFileType = sourcecode.swift; path = Authentication.swift; sourceTree = "<group>"; };
		35E6D3661CCBE061007ABC05 /* Retryable.swift */ = {isa = PBXFileReference; fileEncoding = 4; lastKnownFileType = sourcecode.swift; path = Retryable.swift; sourceTree = "<group>"; };
		35E6D36B1CCBEB90007ABC05 /* Retry.swift */ = {isa = PBXFileReference; fileEncoding = 4; lastKnownFileType = sourcecode.swift; path = Retry.swift; sourceTree = "<group>"; };
		35F4A5F21CC61E52004840E1 /* AlamofireUtils.swift */ = {isa = PBXFileReference; fileEncoding = 4; lastKnownFileType = sourcecode.swift; path = AlamofireUtils.swift; sourceTree = "<group>"; };
/* End PBXFileReference section */

/* Begin PBXFrameworksBuildPhase section */
		350061EE1C7C33910078B589 /* Frameworks */ = {
			isa = PBXFrameworksBuildPhase;
			buildActionMask = 2147483647;
			files = (
				351AC43D1D759045007C993C /* Alamofire.framework in Frameworks */,
			);
			runOnlyForDeploymentPostprocessing = 0;
		};
		3500620A1C7C33EB0078B589 /* Frameworks */ = {
			isa = PBXFrameworksBuildPhase;
			buildActionMask = 2147483647;
			files = (
				351AC43E1D75904F007C993C /* Alamofire.framework in Frameworks */,
			);
			runOnlyForDeploymentPostprocessing = 0;
		};
		350062261C7C343D0078B589 /* Frameworks */ = {
			isa = PBXFrameworksBuildPhase;
			buildActionMask = 2147483647;
			files = (
				351AC43F1D75905B007C993C /* Alamofire.framework in Frameworks */,
			);
			runOnlyForDeploymentPostprocessing = 0;
		};
		35B19DD71BEE134E001D3952 /* Frameworks */ = {
			isa = PBXFrameworksBuildPhase;
			buildActionMask = 2147483647;
			files = (
				351AC43C1D75903A007C993C /* Alamofire.framework in Frameworks */,
			);
			runOnlyForDeploymentPostprocessing = 0;
		};
		35B19DE21BEE134E001D3952 /* Frameworks */ = {
			isa = PBXFrameworksBuildPhase;
			buildActionMask = 2147483647;
			files = (
				3579C9EC1C732E4C00ED7BF2 /* Nimble.framework in Frameworks */,
				3579C9ED1C732E4C00ED7BF2 /* Quick.framework in Frameworks */,
				35B19DE61BEE134E001D3952 /* Restofire.framework in Frameworks */,
			);
			runOnlyForDeploymentPostprocessing = 0;
		};
/* End PBXFrameworksBuildPhase section */

/* Begin PBXGroup section */
		350062691C7C40510078B589 /* Sources */ = {
			isa = PBXGroup;
			children = (
				35C385141CAE43ED003CE0BE /* Restofire.swift */,
				3525FB111CCCC9A3009CEC35 /* Core */,
				35E6D3701CCBED65007ABC05 /* Protocols */,
				353E0D521D8D26AC000EA095 /* Alamofire */,
				35E6D3721CCBED9F007ABC05 /* Supporting Files */,
			);
			path = Sources;
			sourceTree = "<group>";
		};
		3522609E1C5E2B55000AE7C0 /* Tests */ = {
			isa = PBXGroup;
			children = (
				35856C641CC2838100ACBDB9 /* HTTPBin */,
				3544ED161CBA40F700CDF3C9 /* Services */,
				3544ED211CBA40F700CDF3C9 /* ServiceSpec */,
			);
			path = Tests;
			sourceTree = "<group>";
		};
		3525FB111CCCC9A3009CEC35 /* Core */ = {
			isa = PBXGroup;
			children = (
				35E6D3611CCBD75A007ABC05 /* Authentication.swift */,
				3596CBF71CA3B4D70089A03E /* Configuration.swift */,
				352108C11CC29E99006D752E /* DataRequestOperation.swift */,
				35A0949E1CC3EA9400C58702 /* DataRequestEventuallyOperation.swift */,
				35E6D36B1CCBEB90007ABC05 /* Retry.swift */,
				35E6D35C1CCBD731007ABC05 /* Validation.swift */,
			);
			name = Core;
			sourceTree = "<group>";
		};
		353E0D521D8D26AC000EA095 /* Alamofire */ = {
			isa = PBXGroup;
			children = (
				35F4A5F21CC61E52004840E1 /* AlamofireUtils.swift */,
			);
			name = Alamofire;
			sourceTree = "<group>";
		};
		3544ED161CBA40F700CDF3C9 /* Services */ = {
			isa = PBXGroup;
			children = (
				3544ED171CBA40F700CDF3C9 /* BoolService+GET.swift */,
				3544ED181CBA40F700CDF3C9 /* FloatService+GET.swift */,
				3544ED1A1CBA40F700CDF3C9 /* IntService+GET.swift */,
				3544ED1B1CBA40F700CDF3C9 /* PersonArrayService+GET.swift */,
				3544ED1C1CBA40F700CDF3C9 /* PersonService+GET.swift */,
				3544ED1E1CBA40F700CDF3C9 /* StringArrayService+GET.swift */,
				3544ED1F1CBA40F700CDF3C9 /* StringService+GET.swift */,
				3544ED201CBA40F700CDF3C9 /* VoidService+GET.swift */,
			);
			path = Services;
			sourceTree = "<group>";
		};
		3544ED211CBA40F700CDF3C9 /* ServiceSpec */ = {
			isa = PBXGroup;
			children = (
				3544ED291CBA40F700CDF3C9 /* ServiceSpec.swift */,
				3544ED221CBA40F700CDF3C9 /* BoolService+GETSpec.swift */,
				3544ED231CBA40F700CDF3C9 /* FloatService+GETSpec.swift */,
				3544ED241CBA40F700CDF3C9 /* HTTPBinStringService+GETSpec.swift */,
				35856C781CC2891B00ACBDB9 /* HTTPBinBasicAuthenticationService+GETSpec.swift */,
				3544ED251CBA40F700CDF3C9 /* IntService+GETSpec.swift */,
				3544ED261CBA40F700CDF3C9 /* PersonArrayService+GETSpec.swift */,
				3544ED271CBA40F700CDF3C9 /* PersonService+GETSpec.swift */,
				3544ED2A1CBA40F700CDF3C9 /* StringArrayService+GETSpec.swift */,
				3544ED2B1CBA40F700CDF3C9 /* StringService+GETSpec.swift */,
				3544ED2C1CBA40F700CDF3C9 /* VoidService+GETSpec.swift */,
			);
			path = ServiceSpec;
			sourceTree = "<group>";
		};
		357C0DA81D75745F0096239A /* Products */ = {
			isa = PBXGroup;
			children = (
				357C0DB31D75745F0096239A /* Alamofire.framework */,
				357C0DB51D75745F0096239A /* Alamofire iOS Tests.xctest */,
				357C0DB71D75745F0096239A /* Alamofire.framework */,
				357C0DB91D75745F0096239A /* Alamofire OSX Tests.xctest */,
				357C0DBB1D75745F0096239A /* Alamofire.framework */,
				357C0DBD1D75745F0096239A /* Alamofire tvOS Tests.xctest */,
				357C0DBF1D75745F0096239A /* Alamofire.framework */,
			);
			name = Products;
			sourceTree = "<group>";
		};
		35856C641CC2838100ACBDB9 /* HTTPBin */ = {
			isa = PBXGroup;
			children = (
				35856C651CC2838100ACBDB9 /* HTTPBinConfigurable.swift */,
				35856C661CC2838100ACBDB9 /* HTTPBinService+GET.swift */,
				35856C711CC2884A00ACBDB9 /* HTTPBinBasicAuthenticationService+GET.swift */,
			);
			path = HTTPBin;
			sourceTree = "<group>";
		};
		35B19DD11BEE134E001D3952 = {
			isa = PBXGroup;
			children = (
				350062691C7C40510078B589 /* Sources */,
				3522609E1C5E2B55000AE7C0 /* Tests */,
				35B19E071BEE17D8001D3952 /* Frameworks */,
				35B19DDC1BEE134E001D3952 /* Products */,
				357C0DA71D75745F0096239A /* Alamofire.xcodeproj */,
			);
			sourceTree = "<group>";
		};
		35B19DDC1BEE134E001D3952 /* Products */ = {
			isa = PBXGroup;
			children = (
				35B19DDB1BEE134E001D3952 /* Restofire.framework */,
				35B19DE51BEE134E001D3952 /* RestofireTests.xctest */,
				350061F21C7C33910078B589 /* Restofire.framework */,
				3500620E1C7C33EB0078B589 /* Restofire.framework */,
				3500622A1C7C343D0078B589 /* Restofire.framework */,
			);
			name = Products;
			sourceTree = "<group>";
		};
		35B19E071BEE17D8001D3952 /* Frameworks */ = {
			isa = PBXGroup;
			children = (
				352260A11C5E2BCA000AE7C0 /* Nimble.framework */,
				3522609F1C5E2BBD000AE7C0 /* Quick.framework */,
			);
			name = Frameworks;
			sourceTree = "<group>";
		};
		35E6D3701CCBED65007ABC05 /* Protocols */ = {
			isa = PBXGroup;
			children = (
				35E6D3571CCBD5EF007ABC05 /* Authenticable.swift */,
				35607D441CC09C98004902A5 /* Configurable.swift */,
				35E6D34D1CCBC68D007ABC05 /* ResponseSerializable.swift */,
				35E6D3661CCBE061007ABC05 /* Retryable.swift */,
				3596CBFC1CA3B5030089A03E /* Requestable.swift */,
				3593CA781D8C6B5000075A15 /* SessionManagable.swift */,
				3593CA6B1D8C65E400075A15 /* Queueable.swift */,
				35E6D3521CCBD50E007ABC05 /* Validatable.swift */,
			);
			name = Protocols;
			sourceTree = "<group>";
		};
		35E6D3721CCBED9F007ABC05 /* Supporting Files */ = {
			isa = PBXGroup;
			children = (
				3500626F1C7C40510078B589 /* Restofire.h */,
				3500626E1C7C40510078B589 /* Info.plist */,
				3502C2EC1CC738F9009B06EA /* Info-tvOS.plist */,
			);
			name = "Supporting Files";
			sourceTree = "<group>";
		};
/* End PBXGroup section */

/* Begin PBXHeadersBuildPhase section */
		350061EF1C7C33910078B589 /* Headers */ = {
			isa = PBXHeadersBuildPhase;
			buildActionMask = 2147483647;
			files = (
				350062761C7C40610078B589 /* Restofire.h in Headers */,
			);
			runOnlyForDeploymentPostprocessing = 0;
		};
		3500620B1C7C33EB0078B589 /* Headers */ = {
			isa = PBXHeadersBuildPhase;
			buildActionMask = 2147483647;
			files = (
				350062771C7C40620078B589 /* Restofire.h in Headers */,
			);
			runOnlyForDeploymentPostprocessing = 0;
		};
		350062271C7C343D0078B589 /* Headers */ = {
			isa = PBXHeadersBuildPhase;
			buildActionMask = 2147483647;
			files = (
				350062781C7C40620078B589 /* Restofire.h in Headers */,
			);
			runOnlyForDeploymentPostprocessing = 0;
		};
		35B19DD81BEE134E001D3952 /* Headers */ = {
			isa = PBXHeadersBuildPhase;
			buildActionMask = 2147483647;
			files = (
				350062741C7C40510078B589 /* Restofire.h in Headers */,
			);
			runOnlyForDeploymentPostprocessing = 0;
		};
/* End PBXHeadersBuildPhase section */

/* Begin PBXNativeTarget section */
		350061F11C7C33910078B589 /* Restofire-tvOS */ = {
			isa = PBXNativeTarget;
			buildConfigurationList = 350062031C7C33910078B589 /* Build configuration list for PBXNativeTarget "Restofire-tvOS" */;
			buildPhases = (
				350061ED1C7C33910078B589 /* Sources */,
				350061EE1C7C33910078B589 /* Frameworks */,
				350061EF1C7C33910078B589 /* Headers */,
				350061F01C7C33910078B589 /* Resources */,
			);
			buildRules = (
			);
			dependencies = (
			);
			name = "Restofire-tvOS";
			productName = "Restofire-tvOS";
			productReference = 350061F21C7C33910078B589 /* Restofire.framework */;
			productType = "com.apple.product-type.framework";
		};
		3500620D1C7C33EB0078B589 /* Restofire-macOS */ = {
			isa = PBXNativeTarget;
			buildConfigurationList = 3500621F1C7C33EB0078B589 /* Build configuration list for PBXNativeTarget "Restofire-macOS" */;
			buildPhases = (
				350062091C7C33EB0078B589 /* Sources */,
				3500620A1C7C33EB0078B589 /* Frameworks */,
				3500620B1C7C33EB0078B589 /* Headers */,
				3500620C1C7C33EB0078B589 /* Resources */,
			);
			buildRules = (
			);
			dependencies = (
			);
			name = "Restofire-macOS";
			productName = "Restofire-Mac";
			productReference = 3500620E1C7C33EB0078B589 /* Restofire.framework */;
			productType = "com.apple.product-type.framework";
		};
		350062291C7C343D0078B589 /* Restofire-watchOS */ = {
			isa = PBXNativeTarget;
			buildConfigurationList = 3500622F1C7C343D0078B589 /* Build configuration list for PBXNativeTarget "Restofire-watchOS" */;
			buildPhases = (
				350062251C7C343D0078B589 /* Sources */,
				350062261C7C343D0078B589 /* Frameworks */,
				350062271C7C343D0078B589 /* Headers */,
				350062281C7C343D0078B589 /* Resources */,
			);
			buildRules = (
			);
			dependencies = (
			);
			name = "Restofire-watchOS";
			productName = "Restofire-watchOS";
			productReference = 3500622A1C7C343D0078B589 /* Restofire.framework */;
			productType = "com.apple.product-type.framework";
		};
		35B19DDA1BEE134E001D3952 /* Restofire-iOS */ = {
			isa = PBXNativeTarget;
			buildConfigurationList = 35B19DEF1BEE134E001D3952 /* Build configuration list for PBXNativeTarget "Restofire-iOS" */;
			buildPhases = (
				35B19DD61BEE134E001D3952 /* Sources */,
				35B19DD71BEE134E001D3952 /* Frameworks */,
				35B19DD81BEE134E001D3952 /* Headers */,
				35B19DD91BEE134E001D3952 /* Resources */,
			);
			buildRules = (
			);
			dependencies = (
			);
			name = "Restofire-iOS";
			productName = Restofire;
			productReference = 35B19DDB1BEE134E001D3952 /* Restofire.framework */;
			productType = "com.apple.product-type.framework";
		};
		35B19DE41BEE134E001D3952 /* RestofireTests */ = {
			isa = PBXNativeTarget;
			buildConfigurationList = 35B19DF21BEE134E001D3952 /* Build configuration list for PBXNativeTarget "RestofireTests" */;
			buildPhases = (
				35B19DE11BEE134E001D3952 /* Sources */,
				35B19DE21BEE134E001D3952 /* Frameworks */,
				35B19DE31BEE134E001D3952 /* Resources */,
				352260A91C5E2D0D000AE7C0 /* Embed Frameworks */,
			);
			buildRules = (
			);
			dependencies = (
				35B19DE81BEE134E001D3952 /* PBXTargetDependency */,
			);
			name = RestofireTests;
			productName = Tests;
			productReference = 35B19DE51BEE134E001D3952 /* RestofireTests.xctest */;
			productType = "com.apple.product-type.bundle.unit-test";
		};
/* End PBXNativeTarget section */

/* Begin PBXProject section */
		35B19DD21BEE134E001D3952 /* Project object */ = {
			isa = PBXProject;
			attributes = {
				LastSwiftUpdateCheck = 0730;
				LastUpgradeCheck = 0800;
				ORGANIZATIONNAME = AarKay;
				TargetAttributes = {
					350061F11C7C33910078B589 = {
						CreatedOnToolsVersion = 7.2;
						LastSwiftMigration = 0800;
					};
					3500620D1C7C33EB0078B589 = {
						CreatedOnToolsVersion = 7.2;
						LastSwiftMigration = 0800;
					};
					350062291C7C343D0078B589 = {
						CreatedOnToolsVersion = 7.2;
						LastSwiftMigration = 0800;
					};
					35B19DDA1BEE134E001D3952 = {
						CreatedOnToolsVersion = 7.1;
						LastSwiftMigration = 0800;
					};
					35B19DE41BEE134E001D3952 = {
						CreatedOnToolsVersion = 7.1;
						LastSwiftMigration = 0800;
					};
				};
			};
			buildConfigurationList = 35B19DD51BEE134E001D3952 /* Build configuration list for PBXProject "Restofire" */;
			compatibilityVersion = "Xcode 3.2";
			developmentRegion = English;
			hasScannedForEncodings = 0;
			knownRegions = (
				en,
			);
			mainGroup = 35B19DD11BEE134E001D3952;
			productRefGroup = 35B19DDC1BEE134E001D3952 /* Products */;
			projectDirPath = "";
			projectReferences = (
				{
					ProductGroup = 357C0DA81D75745F0096239A /* Products */;
					ProjectRef = 357C0DA71D75745F0096239A /* Alamofire.xcodeproj */;
				},
			);
			projectRoot = "";
			targets = (
				35B19DDA1BEE134E001D3952 /* Restofire-iOS */,
				35B19DE41BEE134E001D3952 /* RestofireTests */,
				350061F11C7C33910078B589 /* Restofire-tvOS */,
				3500620D1C7C33EB0078B589 /* Restofire-macOS */,
				350062291C7C343D0078B589 /* Restofire-watchOS */,
			);
		};
/* End PBXProject section */

/* Begin PBXReferenceProxy section */
		357C0DB31D75745F0096239A /* Alamofire.framework */ = {
			isa = PBXReferenceProxy;
			fileType = wrapper.framework;
			path = Alamofire.framework;
			remoteRef = 357C0DB21D75745F0096239A /* PBXContainerItemProxy */;
			sourceTree = BUILT_PRODUCTS_DIR;
		};
		357C0DB51D75745F0096239A /* Alamofire iOS Tests.xctest */ = {
			isa = PBXReferenceProxy;
			fileType = wrapper.cfbundle;
			path = "Alamofire iOS Tests.xctest";
			remoteRef = 357C0DB41D75745F0096239A /* PBXContainerItemProxy */;
			sourceTree = BUILT_PRODUCTS_DIR;
		};
		357C0DB71D75745F0096239A /* Alamofire.framework */ = {
			isa = PBXReferenceProxy;
			fileType = wrapper.framework;
			path = Alamofire.framework;
			remoteRef = 357C0DB61D75745F0096239A /* PBXContainerItemProxy */;
			sourceTree = BUILT_PRODUCTS_DIR;
		};
		357C0DB91D75745F0096239A /* Alamofire OSX Tests.xctest */ = {
			isa = PBXReferenceProxy;
			fileType = wrapper.cfbundle;
			path = "Alamofire OSX Tests.xctest";
			remoteRef = 357C0DB81D75745F0096239A /* PBXContainerItemProxy */;
			sourceTree = BUILT_PRODUCTS_DIR;
		};
		357C0DBB1D75745F0096239A /* Alamofire.framework */ = {
			isa = PBXReferenceProxy;
			fileType = wrapper.framework;
			path = Alamofire.framework;
			remoteRef = 357C0DBA1D75745F0096239A /* PBXContainerItemProxy */;
			sourceTree = BUILT_PRODUCTS_DIR;
		};
		357C0DBD1D75745F0096239A /* Alamofire tvOS Tests.xctest */ = {
			isa = PBXReferenceProxy;
			fileType = wrapper.cfbundle;
			path = "Alamofire tvOS Tests.xctest";
			remoteRef = 357C0DBC1D75745F0096239A /* PBXContainerItemProxy */;
			sourceTree = BUILT_PRODUCTS_DIR;
		};
		357C0DBF1D75745F0096239A /* Alamofire.framework */ = {
			isa = PBXReferenceProxy;
			fileType = wrapper.framework;
			path = Alamofire.framework;
			remoteRef = 357C0DBE1D75745F0096239A /* PBXContainerItemProxy */;
			sourceTree = BUILT_PRODUCTS_DIR;
		};
/* End PBXReferenceProxy section */

/* Begin PBXResourcesBuildPhase section */
		350061F01C7C33910078B589 /* Resources */ = {
			isa = PBXResourcesBuildPhase;
			buildActionMask = 2147483647;
			files = (
			);
			runOnlyForDeploymentPostprocessing = 0;
		};
		3500620C1C7C33EB0078B589 /* Resources */ = {
			isa = PBXResourcesBuildPhase;
			buildActionMask = 2147483647;
			files = (
			);
			runOnlyForDeploymentPostprocessing = 0;
		};
		350062281C7C343D0078B589 /* Resources */ = {
			isa = PBXResourcesBuildPhase;
			buildActionMask = 2147483647;
			files = (
			);
			runOnlyForDeploymentPostprocessing = 0;
		};
		35B19DD91BEE134E001D3952 /* Resources */ = {
			isa = PBXResourcesBuildPhase;
			buildActionMask = 2147483647;
			files = (
			);
			runOnlyForDeploymentPostprocessing = 0;
		};
		35B19DE31BEE134E001D3952 /* Resources */ = {
			isa = PBXResourcesBuildPhase;
			buildActionMask = 2147483647;
			files = (
			);
			runOnlyForDeploymentPostprocessing = 0;
		};
/* End PBXResourcesBuildPhase section */

/* Begin PBXSourcesBuildPhase section */
		350061ED1C7C33910078B589 /* Sources */ = {
			isa = PBXSourcesBuildPhase;
			buildActionMask = 2147483647;
			files = (
				3596CBF91CA3B4D70089A03E /* Configuration.swift in Sources */,
				35E6D3681CCBE061007ABC05 /* Retryable.swift in Sources */,
				3593CA6D1D8C65E400075A15 /* Queueable.swift in Sources */,
				35E6D3541CCBD50E007ABC05 /* Validatable.swift in Sources */,
				35E6D35E1CCBD731007ABC05 /* Validation.swift in Sources */,
				35E6D36D1CCBEB90007ABC05 /* Retry.swift in Sources */,
				35F4A5F41CC61E52004840E1 /* AlamofireUtils.swift in Sources */,
				352108C31CC29E99006D752E /* DataRequestOperation.swift in Sources */,
				35E6D34F1CCBC68D007ABC05 /* ResponseSerializable.swift in Sources */,
				35E6D3591CCBD5EF007ABC05 /* Authenticable.swift in Sources */,
				35547F271CC0A32E0070F5D3 /* Configurable.swift in Sources */,
				35C6B78E1D8D13FC0085BD16 /* DataRequestEventuallyOperation.swift in Sources */,
				3596CBFE1CA3B5030089A03E /* Requestable.swift in Sources */,
				3593CA7A1D8C6B5000075A15 /* SessionManagable.swift in Sources */,
				35C385161CAE43ED003CE0BE /* Restofire.swift in Sources */,
				35E6D3631CCBD75A007ABC05 /* Authentication.swift in Sources */,
			);
			runOnlyForDeploymentPostprocessing = 0;
		};
		350062091C7C33EB0078B589 /* Sources */ = {
			isa = PBXSourcesBuildPhase;
			buildActionMask = 2147483647;
			files = (
				3596CBFA1CA3B4D70089A03E /* Configuration.swift in Sources */,
				35E6D3691CCBE061007ABC05 /* Retryable.swift in Sources */,
				3593CA6E1D8C65E400075A15 /* Queueable.swift in Sources */,
				35E6D3551CCBD50E007ABC05 /* Validatable.swift in Sources */,
				35E6D35F1CCBD731007ABC05 /* Validation.swift in Sources */,
				35E6D36E1CCBEB90007ABC05 /* Retry.swift in Sources */,
				35F4A5F51CC61E52004840E1 /* AlamofireUtils.swift in Sources */,
				352108C41CC29E99006D752E /* DataRequestOperation.swift in Sources */,
				35E6D3501CCBC68D007ABC05 /* ResponseSerializable.swift in Sources */,
				35E6D35A1CCBD5EF007ABC05 /* Authenticable.swift in Sources */,
				35547F281CC0A32E0070F5D3 /* Configurable.swift in Sources */,
				35C6B78F1D8D13FD0085BD16 /* DataRequestEventuallyOperation.swift in Sources */,
				3596CBFF1CA3B5030089A03E /* Requestable.swift in Sources */,
				3593CA7B1D8C6B5000075A15 /* SessionManagable.swift in Sources */,
				35C385171CAE43ED003CE0BE /* Restofire.swift in Sources */,
				35E6D3641CCBD75A007ABC05 /* Authentication.swift in Sources */,
			);
			runOnlyForDeploymentPostprocessing = 0;
		};
		350062251C7C343D0078B589 /* Sources */ = {
			isa = PBXSourcesBuildPhase;
			buildActionMask = 2147483647;
			files = (
				3596CBFB1CA3B4D70089A03E /* Configuration.swift in Sources */,
				35E6D36A1CCBE061007ABC05 /* Retryable.swift in Sources */,
				3593CA6F1D8C65E400075A15 /* Queueable.swift in Sources */,
				35E6D3561CCBD50E007ABC05 /* Validatable.swift in Sources */,
				35E6D3601CCBD731007ABC05 /* Validation.swift in Sources */,
				35E6D36F1CCBEB90007ABC05 /* Retry.swift in Sources */,
				35F4A5F61CC61E52004840E1 /* AlamofireUtils.swift in Sources */,
				352108C51CC29E99006D752E /* DataRequestOperation.swift in Sources */,
				35E6D3511CCBC68D007ABC05 /* ResponseSerializable.swift in Sources */,
				35E6D35B1CCBD5EF007ABC05 /* Authenticable.swift in Sources */,
				35547F291CC0A32F0070F5D3 /* Configurable.swift in Sources */,
				35C6B7901D8D13FD0085BD16 /* DataRequestEventuallyOperation.swift in Sources */,
				3596CC001CA3B5030089A03E /* Requestable.swift in Sources */,
				3593CA7C1D8C6B5000075A15 /* SessionManagable.swift in Sources */,
				35C385181CAE43ED003CE0BE /* Restofire.swift in Sources */,
				35E6D3651CCBD75A007ABC05 /* Authentication.swift in Sources */,
			);
			runOnlyForDeploymentPostprocessing = 0;
		};
		35B19DD61BEE134E001D3952 /* Sources */ = {
			isa = PBXSourcesBuildPhase;
			buildActionMask = 2147483647;
			files = (
				3596CBF81CA3B4D70089A03E /* Configuration.swift in Sources */,
				35E6D3671CCBE061007ABC05 /* Retryable.swift in Sources */,
				3593CA6C1D8C65E400075A15 /* Queueable.swift in Sources */,
				35E6D3531CCBD50E007ABC05 /* Validatable.swift in Sources */,
				35E6D35D1CCBD731007ABC05 /* Validation.swift in Sources */,
				35E6D36C1CCBEB90007ABC05 /* Retry.swift in Sources */,
				35F4A5F31CC61E52004840E1 /* AlamofireUtils.swift in Sources */,
				352108C21CC29E99006D752E /* DataRequestOperation.swift in Sources */,
				35E6D34E1CCBC68D007ABC05 /* ResponseSerializable.swift in Sources */,
				35E6D3581CCBD5EF007ABC05 /* Authenticable.swift in Sources */,
				35547F261CC0A32D0070F5D3 /* Configurable.swift in Sources */,
				35C6B78D1D8D13FB0085BD16 /* DataRequestEventuallyOperation.swift in Sources */,
				3596CBFD1CA3B5030089A03E /* Requestable.swift in Sources */,
				3593CA791D8C6B5000075A15 /* SessionManagable.swift in Sources */,
				35C385151CAE43ED003CE0BE /* Restofire.swift in Sources */,
				35E6D3621CCBD75A007ABC05 /* Authentication.swift in Sources */,
			);
			runOnlyForDeploymentPostprocessing = 0;
		};
		35B19DE11BEE134E001D3952 /* Sources */ = {
			isa = PBXSourcesBuildPhase;
			buildActionMask = 2147483647;
			files = (
				3544ED9E1CBA573400CDF3C9 /* StringArrayService+GETSpec.swift in Sources */,
				3544ED951CBA572C00CDF3C9 /* VoidService+GET.swift in Sources */,
				35856C6F1CC2838800ACBDB9 /* HTTPBinConfigurable.swift in Sources */,
				3544ED931CBA572C00CDF3C9 /* StringArrayService+GET.swift in Sources */,
				3544ED961CBA573400CDF3C9 /* BoolService+GETSpec.swift in Sources */,
				3544ED9F1CBA573400CDF3C9 /* StringService+GETSpec.swift in Sources */,
				3544ED8C1CBA572C00CDF3C9 /* BoolService+GET.swift in Sources */,
				3544ED9D1CBA573400CDF3C9 /* ServiceSpec.swift in Sources */,
				3544ED941CBA572C00CDF3C9 /* StringService+GET.swift in Sources */,
				3544ED991CBA573400CDF3C9 /* IntService+GETSpec.swift in Sources */,
				3583C3D81CC4D5290097D10B /* HTTPBinBasicAuthenticationService+GETSpec.swift in Sources */,
				3544ED8F1CBA572C00CDF3C9 /* IntService+GET.swift in Sources */,
				3544ED971CBA573400CDF3C9 /* FloatService+GETSpec.swift in Sources */,
				3544ED8D1CBA572C00CDF3C9 /* FloatService+GET.swift in Sources */,
				3544ED901CBA572C00CDF3C9 /* PersonArrayService+GET.swift in Sources */,
				35C05C701D76BFE0003D04F2 /* PersonService+GETSpec.swift in Sources */,
				350A60631D70309600D96150 /* HTTPBinService+GET.swift in Sources */,
				35856C771CC2885800ACBDB9 /* HTTPBinBasicAuthenticationService+GET.swift in Sources */,
				35C05C6F1D76BBB2003D04F2 /* VoidService+GETSpec.swift in Sources */,
				3544ED981CBA573400CDF3C9 /* HTTPBinStringService+GETSpec.swift in Sources */,
				35C05C731D76C672003D04F2 /* PersonArrayService+GETSpec.swift in Sources */,
				3544ED911CBA572C00CDF3C9 /* PersonService+GET.swift in Sources */,
			);
			runOnlyForDeploymentPostprocessing = 0;
		};
/* End PBXSourcesBuildPhase section */

/* Begin PBXTargetDependency section */
		35B19DE81BEE134E001D3952 /* PBXTargetDependency */ = {
			isa = PBXTargetDependency;
			target = 35B19DDA1BEE134E001D3952 /* Restofire-iOS */;
			targetProxy = 35B19DE71BEE134E001D3952 /* PBXContainerItemProxy */;
		};
/* End PBXTargetDependency section */

/* Begin XCBuildConfiguration section */
		350062041C7C33910078B589 /* Debug */ = {
			isa = XCBuildConfiguration;
			buildSettings = {
				CODE_SIGN_IDENTITY = "";
				DEFINES_MODULE = YES;
				DYLIB_COMPATIBILITY_VERSION = 1;
				DYLIB_CURRENT_VERSION = 1;
				DYLIB_INSTALL_NAME_BASE = "@rpath";
				FRAMEWORK_SEARCH_PATHS = (
					"$(inherited)",
					"$(PROJECT_DIR)/Carthage/Build/tvOS",
				);
				INFOPLIST_FILE = "Sources/Info-tvOS.plist";
				INSTALL_PATH = "$(LOCAL_LIBRARY_DIR)/Frameworks";
				LD_RUNPATH_SEARCH_PATHS = "$(inherited) @executable_path/Frameworks @loader_path/Frameworks";
				PRODUCT_BUNDLE_IDENTIFIER = com.rahulkatariya.Restofire;
				PRODUCT_NAME = "$(PROJECT_NAME)";
				SDKROOT = appletvos;
				SKIP_INSTALL = YES;
				TARGETED_DEVICE_FAMILY = 3;
				TVOS_DEPLOYMENT_TARGET = 9.0;
			};
			name = Debug;
		};
		350062051C7C33910078B589 /* Release */ = {
			isa = XCBuildConfiguration;
			buildSettings = {
				CODE_SIGN_IDENTITY = "";
				DEFINES_MODULE = YES;
				DYLIB_COMPATIBILITY_VERSION = 1;
				DYLIB_CURRENT_VERSION = 1;
				DYLIB_INSTALL_NAME_BASE = "@rpath";
				FRAMEWORK_SEARCH_PATHS = (
					"$(inherited)",
					"$(PROJECT_DIR)/Carthage/Build/tvOS",
				);
				INFOPLIST_FILE = "Sources/Info-tvOS.plist";
				INSTALL_PATH = "$(LOCAL_LIBRARY_DIR)/Frameworks";
				LD_RUNPATH_SEARCH_PATHS = "$(inherited) @executable_path/Frameworks @loader_path/Frameworks";
				PRODUCT_BUNDLE_IDENTIFIER = com.rahulkatariya.Restofire;
				PRODUCT_NAME = "$(PROJECT_NAME)";
				SDKROOT = appletvos;
				SKIP_INSTALL = YES;
				TARGETED_DEVICE_FAMILY = 3;
				TVOS_DEPLOYMENT_TARGET = 9.0;
			};
			name = Release;
		};
		350062201C7C33EB0078B589 /* Debug */ = {
			isa = XCBuildConfiguration;
			buildSettings = {
				CODE_SIGN_IDENTITY = "";
				COMBINE_HIDPI_IMAGES = YES;
				DEFINES_MODULE = YES;
				DYLIB_COMPATIBILITY_VERSION = 1;
				DYLIB_CURRENT_VERSION = 1;
				DYLIB_INSTALL_NAME_BASE = "@rpath";
				FRAMEWORK_SEARCH_PATHS = (
					"$(inherited)",
					"$(PROJECT_DIR)/Carthage/Build/Mac",
				);
				FRAMEWORK_VERSION = A;
				INFOPLIST_FILE = Sources/Info.plist;
				INSTALL_PATH = "$(LOCAL_LIBRARY_DIR)/Frameworks";
				LD_RUNPATH_SEARCH_PATHS = "$(inherited) @executable_path/../Frameworks @loader_path/Frameworks";
				MACOSX_DEPLOYMENT_TARGET = 10.11;
				PRODUCT_BUNDLE_IDENTIFIER = com.rahulkatariya.Restofire;
				PRODUCT_NAME = "$(PROJECT_NAME)";
				SDKROOT = macosx;
				SKIP_INSTALL = YES;
			};
			name = Debug;
		};
		350062211C7C33EB0078B589 /* Release */ = {
			isa = XCBuildConfiguration;
			buildSettings = {
				CODE_SIGN_IDENTITY = "";
				COMBINE_HIDPI_IMAGES = YES;
				DEFINES_MODULE = YES;
				DYLIB_COMPATIBILITY_VERSION = 1;
				DYLIB_CURRENT_VERSION = 1;
				DYLIB_INSTALL_NAME_BASE = "@rpath";
				FRAMEWORK_SEARCH_PATHS = (
					"$(inherited)",
					"$(PROJECT_DIR)/Carthage/Build/Mac",
				);
				FRAMEWORK_VERSION = A;
				INFOPLIST_FILE = Sources/Info.plist;
				INSTALL_PATH = "$(LOCAL_LIBRARY_DIR)/Frameworks";
				LD_RUNPATH_SEARCH_PATHS = "$(inherited) @executable_path/../Frameworks @loader_path/Frameworks";
				MACOSX_DEPLOYMENT_TARGET = 10.11;
				PRODUCT_BUNDLE_IDENTIFIER = com.rahulkatariya.Restofire;
				PRODUCT_NAME = "$(PROJECT_NAME)";
				SDKROOT = macosx;
				SKIP_INSTALL = YES;
			};
			name = Release;
		};
		350062301C7C343D0078B589 /* Debug */ = {
			isa = XCBuildConfiguration;
			buildSettings = {
				APPLICATION_EXTENSION_API_ONLY = YES;
				"CODE_SIGN_IDENTITY[sdk=watchos*]" = "";
				DEFINES_MODULE = YES;
				DYLIB_COMPATIBILITY_VERSION = 1;
				DYLIB_CURRENT_VERSION = 1;
				DYLIB_INSTALL_NAME_BASE = "@rpath";
				FRAMEWORK_SEARCH_PATHS = (
					"$(inherited)",
					"$(PROJECT_DIR)/Carthage/Build/watchOS",
				);
				INFOPLIST_FILE = Sources/Info.plist;
				INSTALL_PATH = "$(LOCAL_LIBRARY_DIR)/Frameworks";
				LD_RUNPATH_SEARCH_PATHS = "$(inherited) @executable_path/Frameworks @loader_path/Frameworks";
				PRODUCT_BUNDLE_IDENTIFIER = com.rahulkatariya.Restofire;
				PRODUCT_NAME = "$(PROJECT_NAME)";
				SDKROOT = watchos;
				SKIP_INSTALL = YES;
				TARGETED_DEVICE_FAMILY = 4;
				WATCHOS_DEPLOYMENT_TARGET = 2.0;
			};
			name = Debug;
		};
		350062311C7C343D0078B589 /* Release */ = {
			isa = XCBuildConfiguration;
			buildSettings = {
				APPLICATION_EXTENSION_API_ONLY = YES;
				"CODE_SIGN_IDENTITY[sdk=watchos*]" = "";
				DEFINES_MODULE = YES;
				DYLIB_COMPATIBILITY_VERSION = 1;
				DYLIB_CURRENT_VERSION = 1;
				DYLIB_INSTALL_NAME_BASE = "@rpath";
				FRAMEWORK_SEARCH_PATHS = (
					"$(inherited)",
					"$(PROJECT_DIR)/Carthage/Build/watchOS",
				);
				INFOPLIST_FILE = Sources/Info.plist;
				INSTALL_PATH = "$(LOCAL_LIBRARY_DIR)/Frameworks";
				LD_RUNPATH_SEARCH_PATHS = "$(inherited) @executable_path/Frameworks @loader_path/Frameworks";
				PRODUCT_BUNDLE_IDENTIFIER = com.rahulkatariya.Restofire;
				PRODUCT_NAME = "$(PROJECT_NAME)";
				SDKROOT = watchos;
				SKIP_INSTALL = YES;
				TARGETED_DEVICE_FAMILY = 4;
				WATCHOS_DEPLOYMENT_TARGET = 2.0;
			};
			name = Release;
		};
		35B19DED1BEE134E001D3952 /* Debug */ = {
			isa = XCBuildConfiguration;
			buildSettings = {
				ALWAYS_SEARCH_USER_PATHS = NO;
				CLANG_CXX_LANGUAGE_STANDARD = "gnu++0x";
				CLANG_CXX_LIBRARY = "libc++";
				CLANG_ENABLE_MODULES = YES;
				CLANG_ENABLE_OBJC_ARC = YES;
				CLANG_WARN_BOOL_CONVERSION = YES;
				CLANG_WARN_CONSTANT_CONVERSION = YES;
				CLANG_WARN_DIRECT_OBJC_ISA_USAGE = YES_ERROR;
				CLANG_WARN_EMPTY_BODY = YES;
				CLANG_WARN_ENUM_CONVERSION = YES;
				CLANG_WARN_INFINITE_RECURSION = YES;
				CLANG_WARN_INT_CONVERSION = YES;
				CLANG_WARN_OBJC_ROOT_CLASS = YES_ERROR;
				CLANG_WARN_SUSPICIOUS_MOVE = YES;
				CLANG_WARN_UNREACHABLE_CODE = YES;
				CLANG_WARN__DUPLICATE_METHOD_MATCH = YES;
				"CODE_SIGN_IDENTITY[sdk=iphoneos*]" = "";
				COPY_PHASE_STRIP = NO;
				CURRENT_PROJECT_VERSION = 2.0.0;
				DEBUG_INFORMATION_FORMAT = dwarf;
				ENABLE_STRICT_OBJC_MSGSEND = YES;
				ENABLE_TESTABILITY = YES;
				GCC_C_LANGUAGE_STANDARD = gnu99;
				GCC_DYNAMIC_NO_PIC = NO;
				GCC_NO_COMMON_BLOCKS = YES;
				GCC_OPTIMIZATION_LEVEL = 0;
				GCC_PREPROCESSOR_DEFINITIONS = (
					"DEBUG=1",
					"$(inherited)",
				);
				GCC_WARN_64_TO_32_BIT_CONVERSION = YES;
				GCC_WARN_ABOUT_RETURN_TYPE = YES_ERROR;
				GCC_WARN_UNDECLARED_SELECTOR = YES;
				GCC_WARN_UNINITIALIZED_AUTOS = YES_AGGRESSIVE;
				GCC_WARN_UNUSED_FUNCTION = YES;
				GCC_WARN_UNUSED_VARIABLE = YES;
				IPHONEOS_DEPLOYMENT_TARGET = 9.0;
				MACOSX_DEPLOYMENT_TARGET = 10.11;
				MTL_ENABLE_DEBUG_INFO = YES;
				ONLY_ACTIVE_ARCH = YES;
				SDKROOT = iphoneos;
				SWIFT_OPTIMIZATION_LEVEL = "-Owholemodule";
				SWIFT_VERSION = 3.0;
				TARGETED_DEVICE_FAMILY = "1,2";
				VERSIONING_SYSTEM = "apple-generic";
			};
			name = Debug;
		};
		35B19DEE1BEE134E001D3952 /* Release */ = {
			isa = XCBuildConfiguration;
			buildSettings = {
				ALWAYS_SEARCH_USER_PATHS = NO;
				CLANG_CXX_LANGUAGE_STANDARD = "gnu++0x";
				CLANG_CXX_LIBRARY = "libc++";
				CLANG_ENABLE_MODULES = YES;
				CLANG_ENABLE_OBJC_ARC = YES;
				CLANG_WARN_BOOL_CONVERSION = YES;
				CLANG_WARN_CONSTANT_CONVERSION = YES;
				CLANG_WARN_DIRECT_OBJC_ISA_USAGE = YES_ERROR;
				CLANG_WARN_EMPTY_BODY = YES;
				CLANG_WARN_ENUM_CONVERSION = YES;
				CLANG_WARN_INFINITE_RECURSION = YES;
				CLANG_WARN_INT_CONVERSION = YES;
				CLANG_WARN_OBJC_ROOT_CLASS = YES_ERROR;
				CLANG_WARN_SUSPICIOUS_MOVE = YES;
				CLANG_WARN_UNREACHABLE_CODE = YES;
				CLANG_WARN__DUPLICATE_METHOD_MATCH = YES;
				"CODE_SIGN_IDENTITY[sdk=iphoneos*]" = "";
				COPY_PHASE_STRIP = NO;
				CURRENT_PROJECT_VERSION = 2.0.0;
				DEBUG_INFORMATION_FORMAT = "dwarf-with-dsym";
				ENABLE_NS_ASSERTIONS = NO;
				ENABLE_STRICT_OBJC_MSGSEND = YES;
				GCC_C_LANGUAGE_STANDARD = gnu99;
				GCC_NO_COMMON_BLOCKS = YES;
				GCC_WARN_64_TO_32_BIT_CONVERSION = YES;
				GCC_WARN_ABOUT_RETURN_TYPE = YES_ERROR;
				GCC_WARN_UNDECLARED_SELECTOR = YES;
				GCC_WARN_UNINITIALIZED_AUTOS = YES_AGGRESSIVE;
				GCC_WARN_UNUSED_FUNCTION = YES;
				GCC_WARN_UNUSED_VARIABLE = YES;
				IPHONEOS_DEPLOYMENT_TARGET = 9.0;
				MACOSX_DEPLOYMENT_TARGET = 10.11;
				MTL_ENABLE_DEBUG_INFO = NO;
				SDKROOT = iphoneos;
				SWIFT_OPTIMIZATION_LEVEL = "-Owholemodule";
				SWIFT_VERSION = 3.0;
				TARGETED_DEVICE_FAMILY = "1,2";
				VALIDATE_PRODUCT = YES;
				VERSIONING_SYSTEM = "apple-generic";
			};
			name = Release;
		};
		35B19DF01BEE134E001D3952 /* Debug */ = {
			isa = XCBuildConfiguration;
			buildSettings = {
				CLANG_ENABLE_MODULES = YES;
				DEFINES_MODULE = YES;
				DYLIB_COMPATIBILITY_VERSION = 1;
				DYLIB_CURRENT_VERSION = 1;
				DYLIB_INSTALL_NAME_BASE = "@rpath";
				FRAMEWORK_SEARCH_PATHS = (
					"$(inherited)",
					"$(PROJECT_DIR)/Carthage/Build/iOS",
				);
				INFOPLIST_FILE = Sources/Info.plist;
				INSTALL_PATH = "$(LOCAL_LIBRARY_DIR)/Frameworks";
				IPHONEOS_DEPLOYMENT_TARGET = 9.0;
				LD_RUNPATH_SEARCH_PATHS = "$(inherited) @executable_path/Frameworks @loader_path/Frameworks";
				PRODUCT_BUNDLE_IDENTIFIER = com.rahulkatariya.Restofire;
				PRODUCT_NAME = "$(PROJECT_NAME)";
				SKIP_INSTALL = YES;
			};
			name = Debug;
		};
		35B19DF11BEE134E001D3952 /* Release */ = {
			isa = XCBuildConfiguration;
			buildSettings = {
				CLANG_ENABLE_MODULES = YES;
				DEFINES_MODULE = YES;
				DYLIB_COMPATIBILITY_VERSION = 1;
				DYLIB_CURRENT_VERSION = 1;
				DYLIB_INSTALL_NAME_BASE = "@rpath";
				FRAMEWORK_SEARCH_PATHS = (
					"$(inherited)",
					"$(PROJECT_DIR)/Carthage/Build/iOS",
				);
				INFOPLIST_FILE = Sources/Info.plist;
				INSTALL_PATH = "$(LOCAL_LIBRARY_DIR)/Frameworks";
				IPHONEOS_DEPLOYMENT_TARGET = 9.0;
				LD_RUNPATH_SEARCH_PATHS = "$(inherited) @executable_path/Frameworks @loader_path/Frameworks";
				PRODUCT_BUNDLE_IDENTIFIER = com.rahulkatariya.Restofire;
				PRODUCT_NAME = "$(PROJECT_NAME)";
				SKIP_INSTALL = YES;
			};
			name = Release;
		};
		35B19DF31BEE134E001D3952 /* Debug */ = {
			isa = XCBuildConfiguration;
			buildSettings = {
				ALWAYS_EMBED_SWIFT_STANDARD_LIBRARIES = YES;
				FRAMEWORK_SEARCH_PATHS = (
					"$(inherited)",
					"$(PROJECT_DIR)/Carthage/Build/iOS",
				);
				INFOPLIST_FILE = Sources/Info.plist;
				LD_RUNPATH_SEARCH_PATHS = "$(inherited) @executable_path/Frameworks @loader_path/Frameworks";
				PRODUCT_BUNDLE_IDENTIFIER = com.rahulkatariya.Tests;
				PRODUCT_NAME = "$(TARGET_NAME)";
				SWIFT_VERSION = 3.0;
			};
			name = Debug;
		};
		35B19DF41BEE134E001D3952 /* Release */ = {
			isa = XCBuildConfiguration;
			buildSettings = {
				ALWAYS_EMBED_SWIFT_STANDARD_LIBRARIES = YES;
				FRAMEWORK_SEARCH_PATHS = (
					"$(inherited)",
					"$(PROJECT_DIR)/Carthage/Build/iOS",
				);
				INFOPLIST_FILE = Sources/Info.plist;
				LD_RUNPATH_SEARCH_PATHS = "$(inherited) @executable_path/Frameworks @loader_path/Frameworks";
				PRODUCT_BUNDLE_IDENTIFIER = com.rahulkatariya.Tests;
				PRODUCT_NAME = "$(TARGET_NAME)";
				SWIFT_VERSION = 3.0;
			};
			name = Release;
		};
/* End XCBuildConfiguration section */

/* Begin XCConfigurationList section */
		350062031C7C33910078B589 /* Build configuration list for PBXNativeTarget "Restofire-tvOS" */ = {
			isa = XCConfigurationList;
			buildConfigurations = (
				350062041C7C33910078B589 /* Debug */,
				350062051C7C33910078B589 /* Release */,
			);
			defaultConfigurationIsVisible = 0;
			defaultConfigurationName = Release;
		};
		3500621F1C7C33EB0078B589 /* Build configuration list for PBXNativeTarget "Restofire-macOS" */ = {
			isa = XCConfigurationList;
			buildConfigurations = (
				350062201C7C33EB0078B589 /* Debug */,
				350062211C7C33EB0078B589 /* Release */,
			);
			defaultConfigurationIsVisible = 0;
			defaultConfigurationName = Release;
		};
		3500622F1C7C343D0078B589 /* Build configuration list for PBXNativeTarget "Restofire-watchOS" */ = {
			isa = XCConfigurationList;
			buildConfigurations = (
				350062301C7C343D0078B589 /* Debug */,
				350062311C7C343D0078B589 /* Release */,
			);
			defaultConfigurationIsVisible = 0;
			defaultConfigurationName = Release;
		};
		35B19DD51BEE134E001D3952 /* Build configuration list for PBXProject "Restofire" */ = {
			isa = XCConfigurationList;
			buildConfigurations = (
				35B19DED1BEE134E001D3952 /* Debug */,
				35B19DEE1BEE134E001D3952 /* Release */,
			);
			defaultConfigurationIsVisible = 0;
			defaultConfigurationName = Release;
		};
		35B19DEF1BEE134E001D3952 /* Build configuration list for PBXNativeTarget "Restofire-iOS" */ = {
			isa = XCConfigurationList;
			buildConfigurations = (
				35B19DF01BEE134E001D3952 /* Debug */,
				35B19DF11BEE134E001D3952 /* Release */,
			);
			defaultConfigurationIsVisible = 0;
			defaultConfigurationName = Release;
		};
		35B19DF21BEE134E001D3952 /* Build configuration list for PBXNativeTarget "RestofireTests" */ = {
			isa = XCConfigurationList;
			buildConfigurations = (
				35B19DF31BEE134E001D3952 /* Debug */,
				35B19DF41BEE134E001D3952 /* Release */,
			);
			defaultConfigurationIsVisible = 0;
			defaultConfigurationName = Release;
		};
/* End XCConfigurationList section */
	};
	rootObject = 35B19DD21BEE134E001D3952 /* Project object */;
}
